// !$*UTF8*$!
{
	archiveVersion = 1;
	classes = {
	};
	objectVersion = 55;
	objects = {

/* Begin PBXBuildFile section */
		4A06AC652864969200CE6B87 /* UITextField.swift in Sources */ = {isa = PBXBuildFile; fileRef = 4A06AC642864969200CE6B87 /* UITextField.swift */; };
		4A06AC6928674B1700CE6B87 /* Image.swift in Sources */ = {isa = PBXBuildFile; fileRef = 4A06AC6828674B1700CE6B87 /* Image.swift */; };
		4A06AC6C28674CB500CE6B87 /* CheckboxButton.swift in Sources */ = {isa = PBXBuildFile; fileRef = 4A06AC6B28674CB500CE6B87 /* CheckboxButton.swift */; };
		4A06AC6E2867515500CE6B87 /* PaddingTextField.swift in Sources */ = {isa = PBXBuildFile; fileRef = 4A06AC6D2867515500CE6B87 /* PaddingTextField.swift */; };
		4A23DAEE28846F49006D5ED0 /* ResetPasswordViewModel.swift in Sources */ = {isa = PBXBuildFile; fileRef = 4A23DAED28846F49006D5ED0 /* ResetPasswordViewModel.swift */; };
		4A23DAF0288471A2006D5ED0 /* CheckEmailViewModel.swift in Sources */ = {isa = PBXBuildFile; fileRef = 4A23DAEF288471A2006D5ED0 /* CheckEmailViewModel.swift */; };
		4A23DAF2288472DC006D5ED0 /* ResetPasswordCodeViewModel.swift in Sources */ = {isa = PBXBuildFile; fileRef = 4A23DAF1288472DC006D5ED0 /* ResetPasswordCodeViewModel.swift */; };
		4A23DAF428847369006D5ED0 /* NewPasswordViewModel.swift in Sources */ = {isa = PBXBuildFile; fileRef = 4A23DAF328847369006D5ED0 /* NewPasswordViewModel.swift */; };
		4A23DAF628847418006D5ED0 /* PasswordResetSuccessVIewModel.swift in Sources */ = {isa = PBXBuildFile; fileRef = 4A23DAF528847418006D5ED0 /* PasswordResetSuccessVIewModel.swift */; };
		4A3E41AF2885603D00DB0713 /* History.storyboard in Resources */ = {isa = PBXBuildFile; fileRef = 4A3E41AE2885603D00DB0713 /* History.storyboard */; };
		4A3E41B12885604A00DB0713 /* Storage.storyboard in Resources */ = {isa = PBXBuildFile; fileRef = 4A3E41B02885604A00DB0713 /* Storage.storyboard */; };
		4A3E41B32885605700DB0713 /* Profile.storyboard in Resources */ = {isa = PBXBuildFile; fileRef = 4A3E41B22885605700DB0713 /* Profile.storyboard */; };
		4A3E41B5288561FD00DB0713 /* StorageManagerMainTabBar.storyboard in Resources */ = {isa = PBXBuildFile; fileRef = 4A3E41B4288561FD00DB0713 /* StorageManagerMainTabBar.storyboard */; };
		4A3E41B728856EE900DB0713 /* StorageManagerMainTabBar.swift in Sources */ = {isa = PBXBuildFile; fileRef = 4A3E41B628856EE900DB0713 /* StorageManagerMainTabBar.swift */; };
		4A5932042868732800DA9193 /* ResetPasswordController.swift in Sources */ = {isa = PBXBuildFile; fileRef = 4A5932032868732800DA9193 /* ResetPasswordController.swift */; };
		4A59320628687EC100DA9193 /* ControllerID.swift in Sources */ = {isa = PBXBuildFile; fileRef = 4A59320528687EC100DA9193 /* ControllerID.swift */; };
		4A59320828687FDD00DA9193 /* StoryboardsID.swift in Sources */ = {isa = PBXBuildFile; fileRef = 4A59320728687FDD00DA9193 /* StoryboardsID.swift */; };
		4A8248092886E5C500B268C7 /* ForgetPasswordCredentials.swift in Sources */ = {isa = PBXBuildFile; fileRef = 4A8248082886E5C500B268C7 /* ForgetPasswordCredentials.swift */; };
		4A82480B2886F84800B268C7 /* ForgetPasswordProccedureService.swift in Sources */ = {isa = PBXBuildFile; fileRef = 4A82480A2886F84800B268C7 /* ForgetPasswordProccedureService.swift */; };
		4AA2BAD12885EEEA007143BB /* HistoryViewController.swift in Sources */ = {isa = PBXBuildFile; fileRef = 4AA2BAD02885EEEA007143BB /* HistoryViewController.swift */; };
		4ABDA1EA289144E40039B0DF /* UIViewController.swift in Sources */ = {isa = PBXBuildFile; fileRef = 4ABDA1E9289144E40039B0DF /* UIViewController.swift */; };
		4AC6ACB8288966A100AFE9AE /* ProfileViewController.swift in Sources */ = {isa = PBXBuildFile; fileRef = 4AC6ACB7288966A000AFE9AE /* ProfileViewController.swift */; };
		4AD7126728894651001A3D0B /* StorageViewController.swift in Sources */ = {isa = PBXBuildFile; fileRef = 4AD7126628894651001A3D0B /* StorageViewController.swift */; };
		550C27F1A996BD222C0E84AE /* libPods-Queue Managment.a in Frameworks */ = {isa = PBXBuildFile; fileRef = 50E2414B09EFE14911836F4E /* libPods-Queue Managment.a */; };
		AA1FF5912887D3A7007E1BF2 /* RotatableView.swift in Sources */ = {isa = PBXBuildFile; fileRef = AA1FF5902887D3A7007E1BF2 /* RotatableView.swift */; };
		AA1FF5942888009A007E1BF2 /* ForgetPasswordProccedureUsacase.swift in Sources */ = {isa = PBXBuildFile; fileRef = AA1FF5932888009A007E1BF2 /* ForgetPasswordProccedureUsacase.swift */; };
		AA2AB1E428828EB700526F34 /* UserSessionRepository.swift in Sources */ = {isa = PBXBuildFile; fileRef = AA2AB1E328828EB700526F34 /* UserSessionRepository.swift */; };
		AA2AB1E82882907D00526F34 /* QueueUserSessionRepository.swift in Sources */ = {isa = PBXBuildFile; fileRef = AA2AB1E72882907D00526F34 /* QueueUserSessionRepository.swift */; };
		AA2AB1EE2882922600526F34 /* UserSessionDataStore.swift in Sources */ = {isa = PBXBuildFile; fileRef = AA2AB1ED2882922600526F34 /* UserSessionDataStore.swift */; };
		AA2AB1F3288294DC00526F34 /* AuthRemoteAPI.swift in Sources */ = {isa = PBXBuildFile; fileRef = AA2AB1F2288294DC00526F34 /* AuthRemoteAPI.swift */; };
		AA2AB1F62882AC2600526F34 /* APIToken.swift in Sources */ = {isa = PBXBuildFile; fileRef = AA2AB1F52882AC2600526F34 /* APIToken.swift */; };
		AA2AB1F82882C79C00526F34 /* App+Injection.swift in Sources */ = {isa = PBXBuildFile; fileRef = AA2AB1F72882C79C00526F34 /* App+Injection.swift */; };
		AA2AB1FC2882EBDE00526F34 /* SplashScreenViewModel.swift in Sources */ = {isa = PBXBuildFile; fileRef = AA2AB1FB2882EBDE00526F34 /* SplashScreenViewModel.swift */; };
		AA2AB1FE2882EC1000526F34 /* UserDefaultsRepository.swift in Sources */ = {isa = PBXBuildFile; fileRef = AA2AB1FD2882EC1000526F34 /* UserDefaultsRepository.swift */; };
		AA2AB2002882EC5A00526F34 /* RestoreTokenUsecase.swift in Sources */ = {isa = PBXBuildFile; fileRef = AA2AB1FF2882EC5A00526F34 /* RestoreTokenUsecase.swift */; };
		AA2AB2052882F07900526F34 /* StandardUserDefaults.swift in Sources */ = {isa = PBXBuildFile; fileRef = AA2AB2042882F07900526F34 /* StandardUserDefaults.swift */; };
		AA2AB20A2882FA6900526F34 /* ServerError.swift in Sources */ = {isa = PBXBuildFile; fileRef = AA2AB2092882FA6900526F34 /* ServerError.swift */; };
		AA2AB20E2883190200526F34 /* LoginUsecase.swift in Sources */ = {isa = PBXBuildFile; fileRef = AA2AB20D2883190200526F34 /* LoginUsecase.swift */; };
		AA2AB21D2883D65800526F34 /* BasedComponentView.swift in Sources */ = {isa = PBXBuildFile; fileRef = AA2AB2172883D65800526F34 /* BasedComponentView.swift */; };
		AA2AB2222883D84000526F34 /* LoaderView.swift in Sources */ = {isa = PBXBuildFile; fileRef = AA2AB2212883D84000526F34 /* LoaderView.swift */; };
		AA2AB2242883D85D00526F34 /* LoaderView.xib in Resources */ = {isa = PBXBuildFile; fileRef = AA2AB2232883D85D00526F34 /* LoaderView.xib */; };
		AA2AB2292884080400526F34 /* LoginViewModel.swift in Sources */ = {isa = PBXBuildFile; fileRef = AA2AB2282884080400526F34 /* LoginViewModel.swift */; };
		AA2AB22F2884262F00526F34 /* UITextField+Publisher.swift in Sources */ = {isa = PBXBuildFile; fileRef = AA2AB22E2884262F00526F34 /* UITextField+Publisher.swift */; };
		AA3A08EB288A5D04007B1386 /* RequestSegmentView.swift in Sources */ = {isa = PBXBuildFile; fileRef = AA3A08EA288A5D04007B1386 /* RequestSegmentView.swift */; };
		AA3A08ED288A5D16007B1386 /* RequestSegmentView.xib in Resources */ = {isa = PBXBuildFile; fileRef = AA3A08EC288A5D15007B1386 /* RequestSegmentView.xib */; };
		AA3A54092868AA8300FF4E77 /* UIImage.swift in Sources */ = {isa = PBXBuildFile; fileRef = AA3A54082868AA8300FF4E77 /* UIImage.swift */; };
		AA3A540D2868D0B400FF4E77 /* UIButtonConfiguration.swift in Sources */ = {isa = PBXBuildFile; fileRef = AA3A540C2868D0B400FF4E77 /* UIButtonConfiguration.swift */; };
		AA3A540F2868DE4600FF4E77 /* CheckEmailController.swift in Sources */ = {isa = PBXBuildFile; fileRef = AA3A540E2868DE4600FF4E77 /* CheckEmailController.swift */; };
		AA3EB633286211BD0004FDB1 /* AppDelegate.swift in Sources */ = {isa = PBXBuildFile; fileRef = AA3EB632286211BD0004FDB1 /* AppDelegate.swift */; };
		AA3EB635286211BD0004FDB1 /* SceneDelegate.swift in Sources */ = {isa = PBXBuildFile; fileRef = AA3EB634286211BD0004FDB1 /* SceneDelegate.swift */; };
		AA3EB637286211BD0004FDB1 /* SplashScreenController.swift in Sources */ = {isa = PBXBuildFile; fileRef = AA3EB636286211BD0004FDB1 /* SplashScreenController.swift */; };
		AA3EB63D286211BD0004FDB1 /* Queue_Managment.xcdatamodeld in Sources */ = {isa = PBXBuildFile; fileRef = AA3EB63B286211BD0004FDB1 /* Queue_Managment.xcdatamodeld */; };
		AA3EB63F286211BD0004FDB1 /* Assets.xcassets in Resources */ = {isa = PBXBuildFile; fileRef = AA3EB63E286211BD0004FDB1 /* Assets.xcassets */; };
		AA3EB64D286214AA0004FDB1 /* SplashScreen.storyboard in Resources */ = {isa = PBXBuildFile; fileRef = AA3EB64C286214AA0004FDB1 /* SplashScreen.storyboard */; };
		AA436703288A71B7003B2512 /* ProfileCell.swift in Sources */ = {isa = PBXBuildFile; fileRef = AA436701288A71B7003B2512 /* ProfileCell.swift */; };
		AA436704288A71B7003B2512 /* ProfileCell.xib in Resources */ = {isa = PBXBuildFile; fileRef = AA436702288A71B7003B2512 /* ProfileCell.xib */; };
		AA56E8182889889D0088958E /* ForgetPasswordProccedureViewModel.swift in Sources */ = {isa = PBXBuildFile; fileRef = AA56E8172889889D0088958E /* ForgetPasswordProccedureViewModel.swift */; };
		AA5B00A1286B1F8300C2A79A /* BackgroundFadeButtonLoweringAnimator.swift in Sources */ = {isa = PBXBuildFile; fileRef = AA5B00A0286B1F8300C2A79A /* BackgroundFadeButtonLoweringAnimator.swift */; };
		AA5B00A3286B31A300C2A79A /* UIView.swift in Sources */ = {isa = PBXBuildFile; fileRef = AA5B00A2286B31A300C2A79A /* UIView.swift */; };
		AA5BA91B2862CD7600A2977B /* UIFont.swift in Sources */ = {isa = PBXBuildFile; fileRef = AA5BA91A2862CD7600A2977B /* UIFont.swift */; };
		AA5BA9202862FF1800A2977B /* Authentication.storyboard in Resources */ = {isa = PBXBuildFile; fileRef = AA5BA91F2862FF1800A2977B /* Authentication.storyboard */; };
		AA5BA9222862FF3800A2977B /* LoginController.swift in Sources */ = {isa = PBXBuildFile; fileRef = AA5BA9212862FF3800A2977B /* LoginController.swift */; };
		AA974BE12870B67000005553 /* LoggedInSuccessfully.swift in Sources */ = {isa = PBXBuildFile; fileRef = AA974BE02870B67000005553 /* LoggedInSuccessfully.swift */; };
		AA974BE32870B94C00005553 /* Service1.swift in Sources */ = {isa = PBXBuildFile; fileRef = AA974BE22870B94C00005553 /* Service1.swift */; };
		AA974BE52870B97300005553 /* Service1Response.swift in Sources */ = {isa = PBXBuildFile; fileRef = AA974BE42870B97300005553 /* Service1Response.swift */; };
		AA99A379286AD88D00FB930D /* UIColor.swift in Sources */ = {isa = PBXBuildFile; fileRef = AA99A378286AD88D00FB930D /* UIColor.swift */; };
		AAA554A028896C1800283925 /* AuthenticationError.swift in Sources */ = {isa = PBXBuildFile; fileRef = AAA5549F28896C1800283925 /* AuthenticationError.swift */; };
		AAAA8E65286BFAE9003D4429 /* QueueButtonOne.swift in Sources */ = {isa = PBXBuildFile; fileRef = AAAA8E64286BFAE9003D4429 /* QueueButtonOne.swift */; };
		AAB16386286989F400C79DB8 /* UINavigationController.swift in Sources */ = {isa = PBXBuildFile; fileRef = AAB16385286989F400C79DB8 /* UINavigationController.swift */; };
		AAC48E8D28622D4D00B336B2 /* SF-Pro-Display-Thin.otf in Resources */ = {isa = PBXBuildFile; fileRef = AAC48E7B28622D4D00B336B2 /* SF-Pro-Display-Thin.otf */; };
		AAC48E8E28622D4D00B336B2 /* SF-Pro-Display-SemiboldItalic.otf in Resources */ = {isa = PBXBuildFile; fileRef = AAC48E7C28622D4D00B336B2 /* SF-Pro-Display-SemiboldItalic.otf */; };
		AAC48E8F28622D4D00B336B2 /* SF-Pro-Display-RegularItalic.otf in Resources */ = {isa = PBXBuildFile; fileRef = AAC48E7D28622D4D00B336B2 /* SF-Pro-Display-RegularItalic.otf */; };
		AAC48E9028622D4D00B336B2 /* SF-Pro-Display-Light.otf in Resources */ = {isa = PBXBuildFile; fileRef = AAC48E7E28622D4D00B336B2 /* SF-Pro-Display-Light.otf */; };
		AAC48E9128622D4D00B336B2 /* SF-Pro-Display-Regular.otf in Resources */ = {isa = PBXBuildFile; fileRef = AAC48E7F28622D4D00B336B2 /* SF-Pro-Display-Regular.otf */; };
		AAC48E9228622D4D00B336B2 /* SF-Pro-Display-Bold.otf in Resources */ = {isa = PBXBuildFile; fileRef = AAC48E8028622D4D00B336B2 /* SF-Pro-Display-Bold.otf */; };
		AAC48E9328622D4D00B336B2 /* SF-Pro-Display-Medium.otf in Resources */ = {isa = PBXBuildFile; fileRef = AAC48E8128622D4D00B336B2 /* SF-Pro-Display-Medium.otf */; };
		AAC48E9428622D4D00B336B2 /* SF-Pro-Display-Heavy.otf in Resources */ = {isa = PBXBuildFile; fileRef = AAC48E8228622D4D00B336B2 /* SF-Pro-Display-Heavy.otf */; };
		AAC48E9528622D4D00B336B2 /* SF-Pro-Display-Semibold.otf in Resources */ = {isa = PBXBuildFile; fileRef = AAC48E8328622D4D00B336B2 /* SF-Pro-Display-Semibold.otf */; };
		AAC48E9628622D4D00B336B2 /* SF-Pro-Display-MediumItalic.otf in Resources */ = {isa = PBXBuildFile; fileRef = AAC48E8428622D4D00B336B2 /* SF-Pro-Display-MediumItalic.otf */; };
		AAC48E9728622D4D00B336B2 /* SF-Pro-Display-HeavyItalic.otf in Resources */ = {isa = PBXBuildFile; fileRef = AAC48E8528622D4D00B336B2 /* SF-Pro-Display-HeavyItalic.otf */; };
		AAC48E9828622D4D00B336B2 /* SF-Pro-Display-Ultralight.otf in Resources */ = {isa = PBXBuildFile; fileRef = AAC48E8628622D4D00B336B2 /* SF-Pro-Display-Ultralight.otf */; };
		AAC48E9928622D4D00B336B2 /* SF-Pro-Display-UltralightItalic.otf in Resources */ = {isa = PBXBuildFile; fileRef = AAC48E8728622D4D00B336B2 /* SF-Pro-Display-UltralightItalic.otf */; };
		AAC48E9A28622D4D00B336B2 /* SF-Pro-Display-LightItalic.otf in Resources */ = {isa = PBXBuildFile; fileRef = AAC48E8828622D4D00B336B2 /* SF-Pro-Display-LightItalic.otf */; };
		AAC48E9B28622D4D00B336B2 /* SF-Pro-Display-BlackItalic.otf in Resources */ = {isa = PBXBuildFile; fileRef = AAC48E8928622D4D00B336B2 /* SF-Pro-Display-BlackItalic.otf */; };
		AAC48E9C28622D4D00B336B2 /* SF-Pro-Display-Black.otf in Resources */ = {isa = PBXBuildFile; fileRef = AAC48E8A28622D4D00B336B2 /* SF-Pro-Display-Black.otf */; };
		AAC48E9D28622D4D00B336B2 /* SF-Pro-Display-ThinItalic.otf in Resources */ = {isa = PBXBuildFile; fileRef = AAC48E8B28622D4D00B336B2 /* SF-Pro-Display-ThinItalic.otf */; };
		AAC48E9E28622D4D00B336B2 /* SF-Pro-Display-BoldItalic.otf in Resources */ = {isa = PBXBuildFile; fileRef = AAC48E8C28622D4D00B336B2 /* SF-Pro-Display-BoldItalic.otf */; };
		AACCF37D2881EA58004E19A2 /* Codable.swift in Sources */ = {isa = PBXBuildFile; fileRef = AACCF37C2881EA58004E19A2 /* Codable.swift */; };
		AACCF37F288281E2004E19A2 /* NetworkRequest.swift in Sources */ = {isa = PBXBuildFile; fileRef = AACCF37E288281E2004E19A2 /* NetworkRequest.swift */; };
		AAD94665286EEDD900C7FCF4 /* Color.swift in Sources */ = {isa = PBXBuildFile; fileRef = AAD94664286EEDD900C7FCF4 /* Color.swift */; };
		AAD94667286F07E800C7FCF4 /* RefreshTokenService.swift in Sources */ = {isa = PBXBuildFile; fileRef = AAD94666286F07E800C7FCF4 /* RefreshTokenService.swift */; };
		AAD94669286F497800C7FCF4 /* OAuth.swift in Sources */ = {isa = PBXBuildFile; fileRef = AAD94668286F497800C7FCF4 /* OAuth.swift */; };
		AADE246A2869F56000C54A8C /* ResetPasswordCodeController.swift in Sources */ = {isa = PBXBuildFile; fileRef = AADE24692869F56000C54A8C /* ResetPasswordCodeController.swift */; };
		AADE246C2869FF6400C54A8C /* NewPasswordController.swift in Sources */ = {isa = PBXBuildFile; fileRef = AADE246B2869FF6400C54A8C /* NewPasswordController.swift */; };
		AADE246E2869FFE100C54A8C /* PasswordResetSuccessController.swift in Sources */ = {isa = PBXBuildFile; fileRef = AADE246D2869FFE100C54A8C /* PasswordResetSuccessController.swift */; };
		AADFD3B9286D8A9E00885B68 /* EmailActionSheetController.swift in Sources */ = {isa = PBXBuildFile; fileRef = AADFD3B8286D8A9E00885B68 /* EmailActionSheetController.swift */; };
		AADFD3BD286D9B4C00885B68 /* NetworkLayer.swift in Sources */ = {isa = PBXBuildFile; fileRef = AADFD3BC286D9B4C00885B68 /* NetworkLayer.swift */; };
		AADFD3C0286DA71100885B68 /* LoginService.swift in Sources */ = {isa = PBXBuildFile; fileRef = AADFD3BF286DA71100885B68 /* LoginService.swift */; };
		AADFD3C6286DA7BD00885B68 /* APIServerError.swift in Sources */ = {isa = PBXBuildFile; fileRef = AADFD3C5286DA7BD00885B68 /* APIServerError.swift */; };
		AADFD3C9286DAB1A00885B68 /* Token.swift in Sources */ = {isa = PBXBuildFile; fileRef = AADFD3C8286DAB1A00885B68 /* Token.swift */; };
		AAE11E612875B8C2004F346C /* OnboardingRouter.swift in Sources */ = {isa = PBXBuildFile; fileRef = AAE11E602875B8C2004F346C /* OnboardingRouter.swift */; };
		AAEEF7BA288E7D9E009BAF0A /* StorageManagerRouter.swift in Sources */ = {isa = PBXBuildFile; fileRef = AAEEF7B9288E7D9E009BAF0A /* StorageManagerRouter.swift */; };
		AAFE80CC288F177900506034 /* ReusableCell.swift in Sources */ = {isa = PBXBuildFile; fileRef = AAFE80CB288F177900506034 /* ReusableCell.swift */; };
		AAFE80CE288F18A100506034 /* ConfigurableCell.swift in Sources */ = {isa = PBXBuildFile; fileRef = AAFE80CD288F18A100506034 /* ConfigurableCell.swift */; };
		AAFE80D0288FA62200506034 /* CellViewModel.swift in Sources */ = {isa = PBXBuildFile; fileRef = AAFE80CF288FA62200506034 /* CellViewModel.swift */; };
		AAFE80D5288FA6F100506034 /* CollectionDataProvider.swift in Sources */ = {isa = PBXBuildFile; fileRef = AAFE80D4288FA6F100506034 /* CollectionDataProvider.swift */; };
		AAFE80D7288FA75F00506034 /* ArrayDataProvider.swift in Sources */ = {isa = PBXBuildFile; fileRef = AAFE80D6288FA75F00506034 /* ArrayDataProvider.swift */; };
		AAFE80D9288FA95600506034 /* BaseCollectionViewDataSource.swift in Sources */ = {isa = PBXBuildFile; fileRef = AAFE80D8288FA95600506034 /* BaseCollectionViewDataSource.swift */; };
		AAFE80DC288FCE3400506034 /* CollectionFlowLayoutConstantsProvider.swift in Sources */ = {isa = PBXBuildFile; fileRef = AAFE80DB288FCE3400506034 /* CollectionFlowLayoutConstantsProvider.swift */; };
		AAFE80DE288FF64900506034 /* ProfileViewModel.swift in Sources */ = {isa = PBXBuildFile; fileRef = AAFE80DD288FF64900506034 /* ProfileViewModel.swift */; };
		AAFE80E0288FF67200506034 /* ProfileCellViewModel.swift in Sources */ = {isa = PBXBuildFile; fileRef = AAFE80DF288FF67200506034 /* ProfileCellViewModel.swift */; };
		AAFE80E22890EC6800506034 /* PageInfo.swift in Sources */ = {isa = PBXBuildFile; fileRef = AAFE80E12890EC6800506034 /* PageInfo.swift */; };
		AAFE80E42890EDCE00506034 /* APIPageInfo.swift in Sources */ = {isa = PBXBuildFile; fileRef = AAFE80E32890EDCE00506034 /* APIPageInfo.swift */; };
		AAFE80E92890F01C00506034 /* GSMPartRequestService.swift in Sources */ = {isa = PBXBuildFile; fileRef = AAFE80E82890F01C00506034 /* GSMPartRequestService.swift */; };
		AAFE80EC2890F0C100506034 /* APIPartRequest.swift in Sources */ = {isa = PBXBuildFile; fileRef = AAFE80EB2890F0C100506034 /* APIPartRequest.swift */; };
		AAFE80F02891066100506034 /* StorageManagerRepository.swift in Sources */ = {isa = PBXBuildFile; fileRef = AAFE80EF2891066100506034 /* StorageManagerRepository.swift */; };
		AAFE80F2289106F500506034 /* APIStorageManagerRepository.swift in Sources */ = {isa = PBXBuildFile; fileRef = AAFE80F1289106F500506034 /* APIStorageManagerRepository.swift */; };
		AAFE80F4289109CD00506034 /* PartRequest.swift in Sources */ = {isa = PBXBuildFile; fileRef = AAFE80F3289109CD00506034 /* PartRequest.swift */; };
		AAFE80F728910F9900506034 /* String.swift in Sources */ = {isa = PBXBuildFile; fileRef = AAFE80F628910F9900506034 /* String.swift */; };
		AAFE80FA2891446A00506034 /* FetchPartRequestsUseCase.swift in Sources */ = {isa = PBXBuildFile; fileRef = AAFE80F92891446A00506034 /* FetchPartRequestsUseCase.swift */; };
/* End PBXBuildFile section */

/* Begin PBXFileReference section */
		1CE4E2A8F4AA6721814ED3A3 /* Pods-Queue Managment.release.xcconfig */ = {isa = PBXFileReference; includeInIndex = 1; lastKnownFileType = text.xcconfig; name = "Pods-Queue Managment.release.xcconfig"; path = "Target Support Files/Pods-Queue Managment/Pods-Queue Managment.release.xcconfig"; sourceTree = "<group>"; };
		276E44CB16AB7508D319E10E /* Pods-Queue Managment.debug.xcconfig */ = {isa = PBXFileReference; includeInIndex = 1; lastKnownFileType = text.xcconfig; name = "Pods-Queue Managment.debug.xcconfig"; path = "Target Support Files/Pods-Queue Managment/Pods-Queue Managment.debug.xcconfig"; sourceTree = "<group>"; };
		4A06AC632864922300CE6B87 /* Notes.h */ = {isa = PBXFileReference; lastKnownFileType = sourcecode.c.h; path = Notes.h; sourceTree = "<group>"; };
		4A06AC642864969200CE6B87 /* UITextField.swift */ = {isa = PBXFileReference; lastKnownFileType = sourcecode.swift; path = UITextField.swift; sourceTree = "<group>"; };
		4A06AC6828674B1700CE6B87 /* Image.swift */ = {isa = PBXFileReference; lastKnownFileType = sourcecode.swift; path = Image.swift; sourceTree = "<group>"; };
		4A06AC6B28674CB500CE6B87 /* CheckboxButton.swift */ = {isa = PBXFileReference; lastKnownFileType = sourcecode.swift; path = CheckboxButton.swift; sourceTree = "<group>"; };
		4A06AC6D2867515500CE6B87 /* PaddingTextField.swift */ = {isa = PBXFileReference; lastKnownFileType = sourcecode.swift; path = PaddingTextField.swift; sourceTree = "<group>"; };
		4A23DAED28846F49006D5ED0 /* ResetPasswordViewModel.swift */ = {isa = PBXFileReference; lastKnownFileType = sourcecode.swift; path = ResetPasswordViewModel.swift; sourceTree = "<group>"; };
		4A23DAEF288471A2006D5ED0 /* CheckEmailViewModel.swift */ = {isa = PBXFileReference; lastKnownFileType = sourcecode.swift; path = CheckEmailViewModel.swift; sourceTree = "<group>"; };
		4A23DAF1288472DC006D5ED0 /* ResetPasswordCodeViewModel.swift */ = {isa = PBXFileReference; lastKnownFileType = sourcecode.swift; path = ResetPasswordCodeViewModel.swift; sourceTree = "<group>"; };
		4A23DAF328847369006D5ED0 /* NewPasswordViewModel.swift */ = {isa = PBXFileReference; lastKnownFileType = sourcecode.swift; path = NewPasswordViewModel.swift; sourceTree = "<group>"; };
		4A23DAF528847418006D5ED0 /* PasswordResetSuccessVIewModel.swift */ = {isa = PBXFileReference; lastKnownFileType = sourcecode.swift; path = PasswordResetSuccessVIewModel.swift; sourceTree = "<group>"; };
		4A3E41AE2885603D00DB0713 /* History.storyboard */ = {isa = PBXFileReference; lastKnownFileType = file.storyboard; path = History.storyboard; sourceTree = "<group>"; };
		4A3E41B02885604A00DB0713 /* Storage.storyboard */ = {isa = PBXFileReference; lastKnownFileType = file.storyboard; path = Storage.storyboard; sourceTree = "<group>"; };
		4A3E41B22885605700DB0713 /* Profile.storyboard */ = {isa = PBXFileReference; lastKnownFileType = file.storyboard; path = Profile.storyboard; sourceTree = "<group>"; };
		4A3E41B4288561FD00DB0713 /* StorageManagerMainTabBar.storyboard */ = {isa = PBXFileReference; lastKnownFileType = file.storyboard; path = StorageManagerMainTabBar.storyboard; sourceTree = "<group>"; };
		4A3E41B628856EE900DB0713 /* StorageManagerMainTabBar.swift */ = {isa = PBXFileReference; lastKnownFileType = sourcecode.swift; path = StorageManagerMainTabBar.swift; sourceTree = "<group>"; };
		4A5932032868732800DA9193 /* ResetPasswordController.swift */ = {isa = PBXFileReference; lastKnownFileType = sourcecode.swift; path = ResetPasswordController.swift; sourceTree = "<group>"; };
		4A59320528687EC100DA9193 /* ControllerID.swift */ = {isa = PBXFileReference; lastKnownFileType = sourcecode.swift; path = ControllerID.swift; sourceTree = "<group>"; };
		4A59320728687FDD00DA9193 /* StoryboardsID.swift */ = {isa = PBXFileReference; lastKnownFileType = sourcecode.swift; path = StoryboardsID.swift; sourceTree = "<group>"; };
		4A8248082886E5C500B268C7 /* ForgetPasswordCredentials.swift */ = {isa = PBXFileReference; lastKnownFileType = sourcecode.swift; path = ForgetPasswordCredentials.swift; sourceTree = "<group>"; };
		4A82480A2886F84800B268C7 /* ForgetPasswordProccedureService.swift */ = {isa = PBXFileReference; lastKnownFileType = sourcecode.swift; path = ForgetPasswordProccedureService.swift; sourceTree = "<group>"; };
		4AA2BAD02885EEEA007143BB /* HistoryViewController.swift */ = {isa = PBXFileReference; lastKnownFileType = sourcecode.swift; path = HistoryViewController.swift; sourceTree = "<group>"; };
		4ABDA1E9289144E40039B0DF /* UIViewController.swift */ = {isa = PBXFileReference; lastKnownFileType = sourcecode.swift; path = UIViewController.swift; sourceTree = "<group>"; };
		4AC6ACB7288966A000AFE9AE /* ProfileViewController.swift */ = {isa = PBXFileReference; lastKnownFileType = sourcecode.swift; path = ProfileViewController.swift; sourceTree = "<group>"; };
		4AD7126628894651001A3D0B /* StorageViewController.swift */ = {isa = PBXFileReference; lastKnownFileType = sourcecode.swift; path = StorageViewController.swift; sourceTree = "<group>"; };
		50E2414B09EFE14911836F4E /* libPods-Queue Managment.a */ = {isa = PBXFileReference; explicitFileType = archive.ar; includeInIndex = 0; path = "libPods-Queue Managment.a"; sourceTree = BUILT_PRODUCTS_DIR; };
		AA1FF5902887D3A7007E1BF2 /* RotatableView.swift */ = {isa = PBXFileReference; lastKnownFileType = sourcecode.swift; path = RotatableView.swift; sourceTree = "<group>"; };
		AA1FF5932888009A007E1BF2 /* ForgetPasswordProccedureUsacase.swift */ = {isa = PBXFileReference; lastKnownFileType = sourcecode.swift; path = ForgetPasswordProccedureUsacase.swift; sourceTree = "<group>"; };
		AA2AB1E328828EB700526F34 /* UserSessionRepository.swift */ = {isa = PBXFileReference; lastKnownFileType = sourcecode.swift; path = UserSessionRepository.swift; sourceTree = "<group>"; };
		AA2AB1E72882907D00526F34 /* QueueUserSessionRepository.swift */ = {isa = PBXFileReference; lastKnownFileType = sourcecode.swift; path = QueueUserSessionRepository.swift; sourceTree = "<group>"; };
		AA2AB1ED2882922600526F34 /* UserSessionDataStore.swift */ = {isa = PBXFileReference; lastKnownFileType = sourcecode.swift; path = UserSessionDataStore.swift; sourceTree = "<group>"; };
		AA2AB1F2288294DC00526F34 /* AuthRemoteAPI.swift */ = {isa = PBXFileReference; lastKnownFileType = sourcecode.swift; path = AuthRemoteAPI.swift; sourceTree = "<group>"; };
		AA2AB1F52882AC2600526F34 /* APIToken.swift */ = {isa = PBXFileReference; lastKnownFileType = sourcecode.swift; path = APIToken.swift; sourceTree = "<group>"; };
		AA2AB1F72882C79C00526F34 /* App+Injection.swift */ = {isa = PBXFileReference; lastKnownFileType = sourcecode.swift; path = "App+Injection.swift"; sourceTree = "<group>"; };
		AA2AB1FB2882EBDE00526F34 /* SplashScreenViewModel.swift */ = {isa = PBXFileReference; lastKnownFileType = sourcecode.swift; path = SplashScreenViewModel.swift; sourceTree = "<group>"; };
		AA2AB1FD2882EC1000526F34 /* UserDefaultsRepository.swift */ = {isa = PBXFileReference; lastKnownFileType = sourcecode.swift; path = UserDefaultsRepository.swift; sourceTree = "<group>"; };
		AA2AB1FF2882EC5A00526F34 /* RestoreTokenUsecase.swift */ = {isa = PBXFileReference; lastKnownFileType = sourcecode.swift; path = RestoreTokenUsecase.swift; sourceTree = "<group>"; };
		AA2AB2042882F07900526F34 /* StandardUserDefaults.swift */ = {isa = PBXFileReference; lastKnownFileType = sourcecode.swift; path = StandardUserDefaults.swift; sourceTree = "<group>"; };
		AA2AB2092882FA6900526F34 /* ServerError.swift */ = {isa = PBXFileReference; lastKnownFileType = sourcecode.swift; path = ServerError.swift; sourceTree = "<group>"; };
		AA2AB20D2883190200526F34 /* LoginUsecase.swift */ = {isa = PBXFileReference; lastKnownFileType = sourcecode.swift; path = LoginUsecase.swift; sourceTree = "<group>"; };
		AA2AB2172883D65800526F34 /* BasedComponentView.swift */ = {isa = PBXFileReference; fileEncoding = 4; lastKnownFileType = sourcecode.swift; path = BasedComponentView.swift; sourceTree = "<group>"; };
		AA2AB2212883D84000526F34 /* LoaderView.swift */ = {isa = PBXFileReference; lastKnownFileType = sourcecode.swift; path = LoaderView.swift; sourceTree = "<group>"; };
		AA2AB2232883D85D00526F34 /* LoaderView.xib */ = {isa = PBXFileReference; lastKnownFileType = file.xib; path = LoaderView.xib; sourceTree = "<group>"; };
		AA2AB2282884080400526F34 /* LoginViewModel.swift */ = {isa = PBXFileReference; lastKnownFileType = sourcecode.swift; path = LoginViewModel.swift; sourceTree = "<group>"; };
		AA2AB22E2884262F00526F34 /* UITextField+Publisher.swift */ = {isa = PBXFileReference; lastKnownFileType = sourcecode.swift; path = "UITextField+Publisher.swift"; sourceTree = "<group>"; };
		AA3A08EA288A5D04007B1386 /* RequestSegmentView.swift */ = {isa = PBXFileReference; lastKnownFileType = sourcecode.swift; path = RequestSegmentView.swift; sourceTree = "<group>"; };
		AA3A08EC288A5D15007B1386 /* RequestSegmentView.xib */ = {isa = PBXFileReference; lastKnownFileType = file.xib; path = RequestSegmentView.xib; sourceTree = "<group>"; };
		AA3A54082868AA8300FF4E77 /* UIImage.swift */ = {isa = PBXFileReference; lastKnownFileType = sourcecode.swift; path = UIImage.swift; sourceTree = "<group>"; };
		AA3A540C2868D0B400FF4E77 /* UIButtonConfiguration.swift */ = {isa = PBXFileReference; lastKnownFileType = sourcecode.swift; path = UIButtonConfiguration.swift; sourceTree = "<group>"; };
		AA3A540E2868DE4600FF4E77 /* CheckEmailController.swift */ = {isa = PBXFileReference; lastKnownFileType = sourcecode.swift; path = CheckEmailController.swift; sourceTree = "<group>"; };
		AA3EB62F286211BD0004FDB1 /* Queue Managment.app */ = {isa = PBXFileReference; explicitFileType = wrapper.application; includeInIndex = 0; path = "Queue Managment.app"; sourceTree = BUILT_PRODUCTS_DIR; };
		AA3EB632286211BD0004FDB1 /* AppDelegate.swift */ = {isa = PBXFileReference; lastKnownFileType = sourcecode.swift; path = AppDelegate.swift; sourceTree = "<group>"; };
		AA3EB634286211BD0004FDB1 /* SceneDelegate.swift */ = {isa = PBXFileReference; lastKnownFileType = sourcecode.swift; path = SceneDelegate.swift; sourceTree = "<group>"; };
		AA3EB636286211BD0004FDB1 /* SplashScreenController.swift */ = {isa = PBXFileReference; lastKnownFileType = sourcecode.swift; path = SplashScreenController.swift; sourceTree = "<group>"; };
		AA3EB63C286211BD0004FDB1 /* Queue_Managment.xcdatamodel */ = {isa = PBXFileReference; lastKnownFileType = wrapper.xcdatamodel; path = Queue_Managment.xcdatamodel; sourceTree = "<group>"; };
		AA3EB63E286211BD0004FDB1 /* Assets.xcassets */ = {isa = PBXFileReference; lastKnownFileType = folder.assetcatalog; path = Assets.xcassets; sourceTree = "<group>"; };
		AA3EB643286211BD0004FDB1 /* Info.plist */ = {isa = PBXFileReference; lastKnownFileType = text.plist.xml; path = Info.plist; sourceTree = "<group>"; };
		AA3EB64C286214AA0004FDB1 /* SplashScreen.storyboard */ = {isa = PBXFileReference; fileEncoding = 4; lastKnownFileType = file.storyboard; path = SplashScreen.storyboard; sourceTree = "<group>"; };
		AA436701288A71B7003B2512 /* ProfileCell.swift */ = {isa = PBXFileReference; lastKnownFileType = sourcecode.swift; path = ProfileCell.swift; sourceTree = "<group>"; };
		AA436702288A71B7003B2512 /* ProfileCell.xib */ = {isa = PBXFileReference; lastKnownFileType = file.xib; path = ProfileCell.xib; sourceTree = "<group>"; };
		AA56E8172889889D0088958E /* ForgetPasswordProccedureViewModel.swift */ = {isa = PBXFileReference; lastKnownFileType = sourcecode.swift; path = ForgetPasswordProccedureViewModel.swift; sourceTree = "<group>"; };
		AA5B00A0286B1F8300C2A79A /* BackgroundFadeButtonLoweringAnimator.swift */ = {isa = PBXFileReference; lastKnownFileType = sourcecode.swift; path = BackgroundFadeButtonLoweringAnimator.swift; sourceTree = "<group>"; };
		AA5B00A2286B31A300C2A79A /* UIView.swift */ = {isa = PBXFileReference; lastKnownFileType = sourcecode.swift; path = UIView.swift; sourceTree = "<group>"; };
		AA5BA91A2862CD7600A2977B /* UIFont.swift */ = {isa = PBXFileReference; lastKnownFileType = sourcecode.swift; path = UIFont.swift; sourceTree = "<group>"; };
		AA5BA91F2862FF1800A2977B /* Authentication.storyboard */ = {isa = PBXFileReference; lastKnownFileType = file.storyboard; path = Authentication.storyboard; sourceTree = "<group>"; };
		AA5BA9212862FF3800A2977B /* LoginController.swift */ = {isa = PBXFileReference; lastKnownFileType = sourcecode.swift; path = LoginController.swift; sourceTree = "<group>"; };
		AA974BE02870B67000005553 /* LoggedInSuccessfully.swift */ = {isa = PBXFileReference; lastKnownFileType = sourcecode.swift; path = LoggedInSuccessfully.swift; sourceTree = "<group>"; };
		AA974BE22870B94C00005553 /* Service1.swift */ = {isa = PBXFileReference; lastKnownFileType = sourcecode.swift; path = Service1.swift; sourceTree = "<group>"; };
		AA974BE42870B97300005553 /* Service1Response.swift */ = {isa = PBXFileReference; lastKnownFileType = sourcecode.swift; path = Service1Response.swift; sourceTree = "<group>"; };
		AA99A378286AD88D00FB930D /* UIColor.swift */ = {isa = PBXFileReference; lastKnownFileType = sourcecode.swift; path = UIColor.swift; sourceTree = "<group>"; };
		AAA5549F28896C1800283925 /* AuthenticationError.swift */ = {isa = PBXFileReference; lastKnownFileType = sourcecode.swift; path = AuthenticationError.swift; sourceTree = "<group>"; };
		AAAA8E64286BFAE9003D4429 /* QueueButtonOne.swift */ = {isa = PBXFileReference; lastKnownFileType = sourcecode.swift; path = QueueButtonOne.swift; sourceTree = "<group>"; };
		AAB16385286989F400C79DB8 /* UINavigationController.swift */ = {isa = PBXFileReference; lastKnownFileType = sourcecode.swift; path = UINavigationController.swift; sourceTree = "<group>"; };
		AAC48E7B28622D4D00B336B2 /* SF-Pro-Display-Thin.otf */ = {isa = PBXFileReference; lastKnownFileType = file; path = "SF-Pro-Display-Thin.otf"; sourceTree = "<group>"; };
		AAC48E7C28622D4D00B336B2 /* SF-Pro-Display-SemiboldItalic.otf */ = {isa = PBXFileReference; lastKnownFileType = file; path = "SF-Pro-Display-SemiboldItalic.otf"; sourceTree = "<group>"; };
		AAC48E7D28622D4D00B336B2 /* SF-Pro-Display-RegularItalic.otf */ = {isa = PBXFileReference; lastKnownFileType = file; path = "SF-Pro-Display-RegularItalic.otf"; sourceTree = "<group>"; };
		AAC48E7E28622D4D00B336B2 /* SF-Pro-Display-Light.otf */ = {isa = PBXFileReference; lastKnownFileType = file; path = "SF-Pro-Display-Light.otf"; sourceTree = "<group>"; };
		AAC48E7F28622D4D00B336B2 /* SF-Pro-Display-Regular.otf */ = {isa = PBXFileReference; lastKnownFileType = file; path = "SF-Pro-Display-Regular.otf"; sourceTree = "<group>"; };
		AAC48E8028622D4D00B336B2 /* SF-Pro-Display-Bold.otf */ = {isa = PBXFileReference; lastKnownFileType = file; path = "SF-Pro-Display-Bold.otf"; sourceTree = "<group>"; };
		AAC48E8128622D4D00B336B2 /* SF-Pro-Display-Medium.otf */ = {isa = PBXFileReference; lastKnownFileType = file; path = "SF-Pro-Display-Medium.otf"; sourceTree = "<group>"; };
		AAC48E8228622D4D00B336B2 /* SF-Pro-Display-Heavy.otf */ = {isa = PBXFileReference; lastKnownFileType = file; path = "SF-Pro-Display-Heavy.otf"; sourceTree = "<group>"; };
		AAC48E8328622D4D00B336B2 /* SF-Pro-Display-Semibold.otf */ = {isa = PBXFileReference; lastKnownFileType = file; path = "SF-Pro-Display-Semibold.otf"; sourceTree = "<group>"; };
		AAC48E8428622D4D00B336B2 /* SF-Pro-Display-MediumItalic.otf */ = {isa = PBXFileReference; lastKnownFileType = file; path = "SF-Pro-Display-MediumItalic.otf"; sourceTree = "<group>"; };
		AAC48E8528622D4D00B336B2 /* SF-Pro-Display-HeavyItalic.otf */ = {isa = PBXFileReference; lastKnownFileType = file; path = "SF-Pro-Display-HeavyItalic.otf"; sourceTree = "<group>"; };
		AAC48E8628622D4D00B336B2 /* SF-Pro-Display-Ultralight.otf */ = {isa = PBXFileReference; lastKnownFileType = file; path = "SF-Pro-Display-Ultralight.otf"; sourceTree = "<group>"; };
		AAC48E8728622D4D00B336B2 /* SF-Pro-Display-UltralightItalic.otf */ = {isa = PBXFileReference; lastKnownFileType = file; path = "SF-Pro-Display-UltralightItalic.otf"; sourceTree = "<group>"; };
		AAC48E8828622D4D00B336B2 /* SF-Pro-Display-LightItalic.otf */ = {isa = PBXFileReference; lastKnownFileType = file; path = "SF-Pro-Display-LightItalic.otf"; sourceTree = "<group>"; };
		AAC48E8928622D4D00B336B2 /* SF-Pro-Display-BlackItalic.otf */ = {isa = PBXFileReference; lastKnownFileType = file; path = "SF-Pro-Display-BlackItalic.otf"; sourceTree = "<group>"; };
		AAC48E8A28622D4D00B336B2 /* SF-Pro-Display-Black.otf */ = {isa = PBXFileReference; lastKnownFileType = file; path = "SF-Pro-Display-Black.otf"; sourceTree = "<group>"; };
		AAC48E8B28622D4D00B336B2 /* SF-Pro-Display-ThinItalic.otf */ = {isa = PBXFileReference; lastKnownFileType = file; path = "SF-Pro-Display-ThinItalic.otf"; sourceTree = "<group>"; };
		AAC48E8C28622D4D00B336B2 /* SF-Pro-Display-BoldItalic.otf */ = {isa = PBXFileReference; lastKnownFileType = file; path = "SF-Pro-Display-BoldItalic.otf"; sourceTree = "<group>"; };
		AACCF37C2881EA58004E19A2 /* Codable.swift */ = {isa = PBXFileReference; fileEncoding = 4; lastKnownFileType = sourcecode.swift; path = Codable.swift; sourceTree = "<group>"; };
		AACCF37E288281E2004E19A2 /* NetworkRequest.swift */ = {isa = PBXFileReference; lastKnownFileType = sourcecode.swift; path = NetworkRequest.swift; sourceTree = "<group>"; };
		AAD94664286EEDD900C7FCF4 /* Color.swift */ = {isa = PBXFileReference; lastKnownFileType = sourcecode.swift; path = Color.swift; sourceTree = "<group>"; };
		AAD94666286F07E800C7FCF4 /* RefreshTokenService.swift */ = {isa = PBXFileReference; lastKnownFileType = sourcecode.swift; path = RefreshTokenService.swift; sourceTree = "<group>"; };
		AAD94668286F497800C7FCF4 /* OAuth.swift */ = {isa = PBXFileReference; lastKnownFileType = sourcecode.swift; path = OAuth.swift; sourceTree = "<group>"; };
		AADE24692869F56000C54A8C /* ResetPasswordCodeController.swift */ = {isa = PBXFileReference; lastKnownFileType = sourcecode.swift; path = ResetPasswordCodeController.swift; sourceTree = "<group>"; };
		AADE246B2869FF6400C54A8C /* NewPasswordController.swift */ = {isa = PBXFileReference; lastKnownFileType = sourcecode.swift; path = NewPasswordController.swift; sourceTree = "<group>"; };
		AADE246D2869FFE100C54A8C /* PasswordResetSuccessController.swift */ = {isa = PBXFileReference; lastKnownFileType = sourcecode.swift; path = PasswordResetSuccessController.swift; sourceTree = "<group>"; };
		AADFD3B8286D8A9E00885B68 /* EmailActionSheetController.swift */ = {isa = PBXFileReference; lastKnownFileType = sourcecode.swift; path = EmailActionSheetController.swift; sourceTree = "<group>"; };
		AADFD3BC286D9B4C00885B68 /* NetworkLayer.swift */ = {isa = PBXFileReference; lastKnownFileType = sourcecode.swift; path = NetworkLayer.swift; sourceTree = "<group>"; };
		AADFD3BF286DA71100885B68 /* LoginService.swift */ = {isa = PBXFileReference; lastKnownFileType = sourcecode.swift; path = LoginService.swift; sourceTree = "<group>"; };
		AADFD3C5286DA7BD00885B68 /* APIServerError.swift */ = {isa = PBXFileReference; lastKnownFileType = sourcecode.swift; path = APIServerError.swift; sourceTree = "<group>"; };
		AADFD3C8286DAB1A00885B68 /* Token.swift */ = {isa = PBXFileReference; lastKnownFileType = sourcecode.swift; path = Token.swift; sourceTree = "<group>"; };
		AAE11E602875B8C2004F346C /* OnboardingRouter.swift */ = {isa = PBXFileReference; lastKnownFileType = sourcecode.swift; path = OnboardingRouter.swift; sourceTree = "<group>"; };
		AAEEF7B9288E7D9E009BAF0A /* StorageManagerRouter.swift */ = {isa = PBXFileReference; lastKnownFileType = sourcecode.swift; path = StorageManagerRouter.swift; sourceTree = "<group>"; };
		AAFE80CB288F177900506034 /* ReusableCell.swift */ = {isa = PBXFileReference; lastKnownFileType = sourcecode.swift; path = ReusableCell.swift; sourceTree = "<group>"; };
		AAFE80CD288F18A100506034 /* ConfigurableCell.swift */ = {isa = PBXFileReference; lastKnownFileType = sourcecode.swift; path = ConfigurableCell.swift; sourceTree = "<group>"; };
		AAFE80CF288FA62200506034 /* CellViewModel.swift */ = {isa = PBXFileReference; lastKnownFileType = sourcecode.swift; path = CellViewModel.swift; sourceTree = "<group>"; };
		AAFE80D4288FA6F100506034 /* CollectionDataProvider.swift */ = {isa = PBXFileReference; lastKnownFileType = sourcecode.swift; path = CollectionDataProvider.swift; sourceTree = "<group>"; };
		AAFE80D6288FA75F00506034 /* ArrayDataProvider.swift */ = {isa = PBXFileReference; lastKnownFileType = sourcecode.swift; path = ArrayDataProvider.swift; sourceTree = "<group>"; };
		AAFE80D8288FA95600506034 /* BaseCollectionViewDataSource.swift */ = {isa = PBXFileReference; lastKnownFileType = sourcecode.swift; path = BaseCollectionViewDataSource.swift; sourceTree = "<group>"; };
		AAFE80DB288FCE3400506034 /* CollectionFlowLayoutConstantsProvider.swift */ = {isa = PBXFileReference; lastKnownFileType = sourcecode.swift; path = CollectionFlowLayoutConstantsProvider.swift; sourceTree = "<group>"; };
		AAFE80DD288FF64900506034 /* ProfileViewModel.swift */ = {isa = PBXFileReference; lastKnownFileType = sourcecode.swift; path = ProfileViewModel.swift; sourceTree = "<group>"; };
		AAFE80DF288FF67200506034 /* ProfileCellViewModel.swift */ = {isa = PBXFileReference; lastKnownFileType = sourcecode.swift; path = ProfileCellViewModel.swift; sourceTree = "<group>"; };
		AAFE80E12890EC6800506034 /* PageInfo.swift */ = {isa = PBXFileReference; lastKnownFileType = sourcecode.swift; path = PageInfo.swift; sourceTree = "<group>"; };
		AAFE80E32890EDCE00506034 /* APIPageInfo.swift */ = {isa = PBXFileReference; lastKnownFileType = sourcecode.swift; path = APIPageInfo.swift; sourceTree = "<group>"; };
		AAFE80E82890F01C00506034 /* GSMPartRequestService.swift */ = {isa = PBXFileReference; lastKnownFileType = sourcecode.swift; path = GSMPartRequestService.swift; sourceTree = "<group>"; };
		AAFE80EB2890F0C100506034 /* APIPartRequest.swift */ = {isa = PBXFileReference; lastKnownFileType = sourcecode.swift; path = APIPartRequest.swift; sourceTree = "<group>"; };
		AAFE80EF2891066100506034 /* StorageManagerRepository.swift */ = {isa = PBXFileReference; lastKnownFileType = sourcecode.swift; path = StorageManagerRepository.swift; sourceTree = "<group>"; };
		AAFE80F1289106F500506034 /* APIStorageManagerRepository.swift */ = {isa = PBXFileReference; lastKnownFileType = sourcecode.swift; path = APIStorageManagerRepository.swift; sourceTree = "<group>"; };
		AAFE80F3289109CD00506034 /* PartRequest.swift */ = {isa = PBXFileReference; lastKnownFileType = sourcecode.swift; path = PartRequest.swift; sourceTree = "<group>"; };
		AAFE80F628910F9900506034 /* String.swift */ = {isa = PBXFileReference; lastKnownFileType = sourcecode.swift; path = String.swift; sourceTree = "<group>"; };
		AAFE80F92891446A00506034 /* FetchPartRequestsUseCase.swift */ = {isa = PBXFileReference; lastKnownFileType = sourcecode.swift; path = FetchPartRequestsUseCase.swift; sourceTree = "<group>"; };
/* End PBXFileReference section */

/* Begin PBXFrameworksBuildPhase section */
		AA3EB62C286211BD0004FDB1 /* Frameworks */ = {
			isa = PBXFrameworksBuildPhase;
			buildActionMask = 2147483647;
			files = (
				550C27F1A996BD222C0E84AE /* libPods-Queue Managment.a in Frameworks */,
			);
			runOnlyForDeploymentPostprocessing = 0;
		};
/* End PBXFrameworksBuildPhase section */

/* Begin PBXGroup section */
		0376452BEFC42A408477B6A6 /* Pods */ = {
			isa = PBXGroup;
			children = (
				276E44CB16AB7508D319E10E /* Pods-Queue Managment.debug.xcconfig */,
				1CE4E2A8F4AA6721814ED3A3 /* Pods-Queue Managment.release.xcconfig */,
			);
			path = Pods;
			sourceTree = "<group>";
		};
		4A06AC6628674A7900CE6B87 /* Common */ = {
			isa = PBXGroup;
			children = (
				AA2AB2122883D63600526F34 /* Base */,
				4A06AC6728674B0100CE6B87 /* Constants */,
				AA5B009E286B1F1E00C2A79A /* Animators */,
				4A06AC6A28674C7E00CE6B87 /* Views */,
				AA5BA9192862CD5F00A2977B /* Extensions */,
			);
			path = Common;
			sourceTree = "<group>";
		};
		4A06AC6728674B0100CE6B87 /* Constants */ = {
			isa = PBXGroup;
			children = (
				4A06AC6828674B1700CE6B87 /* Image.swift */,
				4A59320528687EC100DA9193 /* ControllerID.swift */,
				4A59320728687FDD00DA9193 /* StoryboardsID.swift */,
				AAD94664286EEDD900C7FCF4 /* Color.swift */,
			);
			path = Constants;
			sourceTree = "<group>";
		};
		4A06AC6A28674C7E00CE6B87 /* Views */ = {
			isa = PBXGroup;
			children = (
				AA2AB2202883D68F00526F34 /* ComponentViews */,
				AA1FF58F2887D376007E1BF2 /* Views */,
				AAAA8E63286BFAAE003D4429 /* Buttons */,
				AA99A37A286ADD1F00FB930D /* TextFields */,
			);
			path = Views;
			sourceTree = "<group>";
		};
		4A3E41AD2885600E00DB0713 /* MainStorageManager */ = {
			isa = PBXGroup;
			children = (
				AA3A08E42889BA01007B1386 /* MainTabBar */,
				AA3A08E52889BA75007B1386 /* History */,
				AA3A08E62889BA7D007B1386 /* Storage */,
				AA3A08E72889BAA9007B1386 /* Profile */,
			);
			path = MainStorageManager;
			sourceTree = "<group>";
		};
		54FF39616686497CFE4B1512 /* Frameworks */ = {
			isa = PBXGroup;
			children = (
				50E2414B09EFE14911836F4E /* libPods-Queue Managment.a */,
			);
			name = Frameworks;
			sourceTree = "<group>";
		};
		AA1FF58F2887D376007E1BF2 /* Views */ = {
			isa = PBXGroup;
			children = (
				AA1FF5902887D3A7007E1BF2 /* RotatableView.swift */,
			);
			path = Views;
			sourceTree = "<group>";
		};
		AA2AB1E9288290F800526F34 /* Authentication */ = {
			isa = PBXGroup;
			children = (
				AA2AB1E72882907D00526F34 /* QueueUserSessionRepository.swift */,
				AA2AB1EA2882910C00526F34 /* Remote */,
				AA2AB1EB2882912E00526F34 /* Persistence */,
			);
			path = Authentication;
			sourceTree = "<group>";
		};
		AA2AB1EA2882910C00526F34 /* Remote */ = {
			isa = PBXGroup;
			children = (
				AA2AB1F2288294DC00526F34 /* AuthRemoteAPI.swift */,
				AADFD3C3286DA77300885B68 /* Entities */,
				AADFD3BE286DA6F200885B68 /* Requests */,
			);
			path = Remote;
			sourceTree = "<group>";
		};
		AA2AB1EB2882912E00526F34 /* Persistence */ = {
			isa = PBXGroup;
			children = (
				AA2AB1ED2882922600526F34 /* UserSessionDataStore.swift */,
			);
			path = Persistence;
			sourceTree = "<group>";
		};
		AA2AB1F42882ABF000526F34 /* Entities */ = {
			isa = PBXGroup;
			children = (
				AA2AB2102883D06300526F34 /* Persistence */,
				AA2AB2082882FA5100526F34 /* Remote */,
			);
			path = Entities;
			sourceTree = "<group>";
		};
		AA2AB2012882EC5E00526F34 /* RefreshToken */ = {
			isa = PBXGroup;
			children = (
				AA2AB1FF2882EC5A00526F34 /* RestoreTokenUsecase.swift */,
			);
			path = RefreshToken;
			sourceTree = "<group>";
		};
		AA2AB2022882EEC800526F34 /* UserDefaults */ = {
			isa = PBXGroup;
			children = (
				AA2AB1FD2882EC1000526F34 /* UserDefaultsRepository.swift */,
			);
			path = UserDefaults;
			sourceTree = "<group>";
		};
		AA2AB2032882F03E00526F34 /* UserDefaults */ = {
			isa = PBXGroup;
			children = (
				AA2AB2042882F07900526F34 /* StandardUserDefaults.swift */,
			);
			path = UserDefaults;
			sourceTree = "<group>";
		};
		AA2AB2082882FA5100526F34 /* Remote */ = {
			isa = PBXGroup;
			children = (
				AADFD3C5286DA7BD00885B68 /* APIServerError.swift */,
				AAFE80E32890EDCE00506034 /* APIPageInfo.swift */,
			);
			path = Remote;
			sourceTree = "<group>";
		};
		AA2AB20C288318EF00526F34 /* Authentication */ = {
			isa = PBXGroup;
			children = (
				AA2AB20D2883190200526F34 /* LoginUsecase.swift */,
				AA1FF5932888009A007E1BF2 /* ForgetPasswordProccedureUsacase.swift */,
			);
			path = Authentication;
			sourceTree = "<group>";
		};
		AA2AB20F2883D03100526F34 /* Models */ = {
			isa = PBXGroup;
			children = (
				AA2AB2112883D61100526F34 /* Common */,
				AAFE80ED2890FC0800506034 /* StorageManager */,
			);
			path = Models;
			sourceTree = "<group>";
		};
		AA2AB2102883D06300526F34 /* Persistence */ = {
			isa = PBXGroup;
			children = (
			);
			path = Persistence;
			sourceTree = "<group>";
		};
		AA2AB2112883D61100526F34 /* Common */ = {
			isa = PBXGroup;
			children = (
				AADFD3C8286DAB1A00885B68 /* Token.swift */,
				AA2AB2092882FA6900526F34 /* ServerError.swift */,
				AAFE80E12890EC6800506034 /* PageInfo.swift */,
			);
			path = Common;
			sourceTree = "<group>";
		};
		AA2AB2122883D63600526F34 /* Base */ = {
			isa = PBXGroup;
			children = (
				AAFE80CA288F172600506034 /* BasedCollectionView */,
				AA2AB2132883D65800526F34 /* BasedComponentView */,
			);
			path = Base;
			sourceTree = "<group>";
		};
		AA2AB2132883D65800526F34 /* BasedComponentView */ = {
			isa = PBXGroup;
			children = (
				AA2AB2172883D65800526F34 /* BasedComponentView.swift */,
			);
			path = BasedComponentView;
			sourceTree = "<group>";
		};
		AA2AB2202883D68F00526F34 /* ComponentViews */ = {
			isa = PBXGroup;
			children = (
				AA3A08E8288A5CD2007B1386 /* LoaderView */,
				AA3A08E9288A5CDB007B1386 /* RequestSegmenView */,
			);
			path = ComponentViews;
			sourceTree = "<group>";
		};
		AA2AB2272884076600526F34 /* ViewModels */ = {
			isa = PBXGroup;
			children = (
				AA2AB2282884080400526F34 /* LoginViewModel.swift */,
				4A23DAED28846F49006D5ED0 /* ResetPasswordViewModel.swift */,
				4A23DAEF288471A2006D5ED0 /* CheckEmailViewModel.swift */,
				4A23DAF1288472DC006D5ED0 /* ResetPasswordCodeViewModel.swift */,
				4A23DAF328847369006D5ED0 /* NewPasswordViewModel.swift */,
				4A23DAF528847418006D5ED0 /* PasswordResetSuccessVIewModel.swift */,
				AA56E8172889889D0088958E /* ForgetPasswordProccedureViewModel.swift */,
			);
			path = ViewModels;
			sourceTree = "<group>";
		};
		AA2AB22D2884261B00526F34 /* Combine */ = {
			isa = PBXGroup;
			children = (
				AA2AB22E2884262F00526F34 /* UITextField+Publisher.swift */,
			);
			path = Combine;
			sourceTree = "<group>";
		};
		AA3A08E42889BA01007B1386 /* MainTabBar */ = {
			isa = PBXGroup;
			children = (
				4A3E41B4288561FD00DB0713 /* StorageManagerMainTabBar.storyboard */,
				4A3E41B628856EE900DB0713 /* StorageManagerMainTabBar.swift */,
			);
			path = MainTabBar;
			sourceTree = "<group>";
		};
		AA3A08E52889BA75007B1386 /* History */ = {
			isa = PBXGroup;
			children = (
				4A3E41AE2885603D00DB0713 /* History.storyboard */,
				4AA2BAD02885EEEA007143BB /* HistoryViewController.swift */,
			);
			path = History;
			sourceTree = "<group>";
		};
		AA3A08E62889BA7D007B1386 /* Storage */ = {
			isa = PBXGroup;
			children = (
				4A3E41B02885604A00DB0713 /* Storage.storyboard */,
				4AD7126628894651001A3D0B /* StorageViewController.swift */,
			);
			path = Storage;
			sourceTree = "<group>";
		};
		AA3A08E72889BAA9007B1386 /* Profile */ = {
			isa = PBXGroup;
			children = (
				AA436700288A7184003B2512 /* Cells */,
				4A3E41B22885605700DB0713 /* Profile.storyboard */,
				4AC6ACB7288966A000AFE9AE /* ProfileViewController.swift */,
				AAFE80DD288FF64900506034 /* ProfileViewModel.swift */,
			);
			path = Profile;
			sourceTree = "<group>";
		};
		AA3A08E8288A5CD2007B1386 /* LoaderView */ = {
			isa = PBXGroup;
			children = (
				AA2AB2212883D84000526F34 /* LoaderView.swift */,
				AA2AB2232883D85D00526F34 /* LoaderView.xib */,
			);
			path = LoaderView;
			sourceTree = "<group>";
		};
		AA3A08E9288A5CDB007B1386 /* RequestSegmenView */ = {
			isa = PBXGroup;
			children = (
				AA3A08EA288A5D04007B1386 /* RequestSegmentView.swift */,
				AA3A08EC288A5D15007B1386 /* RequestSegmentView.xib */,
			);
			path = RequestSegmenView;
			sourceTree = "<group>";
		};
		AA3EB626286211BD0004FDB1 = {
			isa = PBXGroup;
			children = (
				AA3EB631286211BD0004FDB1 /* Queue Managment */,
				AA3EB630286211BD0004FDB1 /* Products */,
				0376452BEFC42A408477B6A6 /* Pods */,
				54FF39616686497CFE4B1512 /* Frameworks */,
			);
			sourceTree = "<group>";
		};
		AA3EB630286211BD0004FDB1 /* Products */ = {
			isa = PBXGroup;
			children = (
				AA3EB62F286211BD0004FDB1 /* Queue Managment.app */,
			);
			name = Products;
			sourceTree = "<group>";
		};
		AA3EB631286211BD0004FDB1 /* Queue Managment */ = {
			isa = PBXGroup;
			children = (
				AAAA8E66286C0B23003D4429 /* App */,
				4A06AC6628674A7900CE6B87 /* Common */,
				AADFD3BA286D9AF800885B68 /* Data */,
				AACCF38028828297004E19A2 /* Domain */,
				AACCF3822882861B004E19A2 /* Presentation */,
				AACCF3782881DE8A004E19A2 /* Infrastructure */,
				AAAA8E67286C0B51003D4429 /* Resources */,
				AA3EB643286211BD0004FDB1 /* Info.plist */,
				AA3EB63B286211BD0004FDB1 /* Queue_Managment.xcdatamodeld */,
				4A06AC632864922300CE6B87 /* Notes.h */,
			);
			path = "Queue Managment";
			sourceTree = "<group>";
		};
		AA3EB649286211F10004FDB1 /* SplashScreen */ = {
			isa = PBXGroup;
			children = (
				AA3EB64C286214AA0004FDB1 /* SplashScreen.storyboard */,
				AA3EB636286211BD0004FDB1 /* SplashScreenController.swift */,
				AA2AB1FB2882EBDE00526F34 /* SplashScreenViewModel.swift */,
			);
			path = SplashScreen;
			sourceTree = "<group>";
		};
		AA436700288A7184003B2512 /* Cells */ = {
			isa = PBXGroup;
			children = (
				AA436702288A71B7003B2512 /* ProfileCell.xib */,
				AA436701288A71B7003B2512 /* ProfileCell.swift */,
				AAFE80DF288FF67200506034 /* ProfileCellViewModel.swift */,
			);
			path = Cells;
			sourceTree = "<group>";
		};
		AA5B009E286B1F1E00C2A79A /* Animators */ = {
			isa = PBXGroup;
			children = (
				AA5B009F286B1F2900C2A79A /* Controller Transition Animations */,
			);
			path = Animators;
			sourceTree = "<group>";
		};
		AA5B009F286B1F2900C2A79A /* Controller Transition Animations */ = {
			isa = PBXGroup;
			children = (
				AA5B00A0286B1F8300C2A79A /* BackgroundFadeButtonLoweringAnimator.swift */,
			);
			path = "Controller Transition Animations";
			sourceTree = "<group>";
		};
		AA5BA9192862CD5F00A2977B /* Extensions */ = {
			isa = PBXGroup;
			children = (
				AAFE80F528910F8700506034 /* UIKit */,
				AA2AB22D2884261B00526F34 /* Combine */,
				AACCF37C2881EA58004E19A2 /* Codable.swift */,
				AAFE80F628910F9900506034 /* String.swift */,
			);
			path = Extensions;
			sourceTree = "<group>";
		};
		AA5BA91E2862FEF800A2977B /* Authentication */ = {
			isa = PBXGroup;
			children = (
				AA5BA91F2862FF1800A2977B /* Authentication.storyboard */,
				AA5BA9232862FF4800A2977B /* Scenes */,
				AA2AB2272884076600526F34 /* ViewModels */,
				AAA5549D28896BBE00283925 /* HelperModels */,
			);
			path = Authentication;
			sourceTree = "<group>";
		};
		AA5BA9232862FF4800A2977B /* Scenes */ = {
			isa = PBXGroup;
			children = (
				AA5BA9212862FF3800A2977B /* LoginController.swift */,
				4A5932032868732800DA9193 /* ResetPasswordController.swift */,
				AA3A540E2868DE4600FF4E77 /* CheckEmailController.swift */,
				AADE24692869F56000C54A8C /* ResetPasswordCodeController.swift */,
				AADE246B2869FF6400C54A8C /* NewPasswordController.swift */,
				AADE246D2869FFE100C54A8C /* PasswordResetSuccessController.swift */,
				AADFD3B8286D8A9E00885B68 /* EmailActionSheetController.swift */,
				AA974BE02870B67000005553 /* LoggedInSuccessfully.swift */,
			);
			path = Scenes;
			sourceTree = "<group>";
		};
		AA99A37A286ADD1F00FB930D /* TextFields */ = {
			isa = PBXGroup;
			children = (
				4A06AC6D2867515500CE6B87 /* PaddingTextField.swift */,
			);
			path = TextFields;
			sourceTree = "<group>";
		};
		AAA5549D28896BBE00283925 /* HelperModels */ = {
			isa = PBXGroup;
			children = (
				AAA5549F28896C1800283925 /* AuthenticationError.swift */,
			);
			path = HelperModels;
			sourceTree = "<group>";
		};
		AAAA8E63286BFAAE003D4429 /* Buttons */ = {
			isa = PBXGroup;
			children = (
				4A06AC6B28674CB500CE6B87 /* CheckboxButton.swift */,
				AAAA8E64286BFAE9003D4429 /* QueueButtonOne.swift */,
			);
			path = Buttons;
			sourceTree = "<group>";
		};
		AAAA8E66286C0B23003D4429 /* App */ = {
			isa = PBXGroup;
			children = (
				AA3EB632286211BD0004FDB1 /* AppDelegate.swift */,
				AA3EB634286211BD0004FDB1 /* SceneDelegate.swift */,
				AA2AB1F72882C79C00526F34 /* App+Injection.swift */,
			);
			path = App;
			sourceTree = "<group>";
		};
		AAAA8E67286C0B51003D4429 /* Resources */ = {
			isa = PBXGroup;
			children = (
				AA3EB63E286211BD0004FDB1 /* Assets.xcassets */,
				AAC48E152862279B00B336B2 /* Fonts */,
			);
			path = Resources;
			sourceTree = "<group>";
		};
		AABCB647288C25E500A7FA3D /* Response */ = {
			isa = PBXGroup;
			children = (
				AA2AB1F52882AC2600526F34 /* APIToken.swift */,
				AA974BE42870B97300005553 /* Service1Response.swift */,
			);
			path = Response;
			sourceTree = "<group>";
		};
		AABCB648288C25F200A7FA3D /* Request */ = {
			isa = PBXGroup;
			children = (
				4A8248082886E5C500B268C7 /* ForgetPasswordCredentials.swift */,
			);
			path = Request;
			sourceTree = "<group>";
		};
		AAC48E152862279B00B336B2 /* Fonts */ = {
			isa = PBXGroup;
			children = (
				AAC48E7A28622D4D00B336B2 /* SF Pro Display */,
			);
			path = Fonts;
			sourceTree = "<group>";
		};
		AAC48E7A28622D4D00B336B2 /* SF Pro Display */ = {
			isa = PBXGroup;
			children = (
				AAC48E7B28622D4D00B336B2 /* SF-Pro-Display-Thin.otf */,
				AAC48E7C28622D4D00B336B2 /* SF-Pro-Display-SemiboldItalic.otf */,
				AAC48E7D28622D4D00B336B2 /* SF-Pro-Display-RegularItalic.otf */,
				AAC48E7E28622D4D00B336B2 /* SF-Pro-Display-Light.otf */,
				AAC48E7F28622D4D00B336B2 /* SF-Pro-Display-Regular.otf */,
				AAC48E8028622D4D00B336B2 /* SF-Pro-Display-Bold.otf */,
				AAC48E8128622D4D00B336B2 /* SF-Pro-Display-Medium.otf */,
				AAC48E8228622D4D00B336B2 /* SF-Pro-Display-Heavy.otf */,
				AAC48E8328622D4D00B336B2 /* SF-Pro-Display-Semibold.otf */,
				AAC48E8428622D4D00B336B2 /* SF-Pro-Display-MediumItalic.otf */,
				AAC48E8528622D4D00B336B2 /* SF-Pro-Display-HeavyItalic.otf */,
				AAC48E8628622D4D00B336B2 /* SF-Pro-Display-Ultralight.otf */,
				AAC48E8728622D4D00B336B2 /* SF-Pro-Display-UltralightItalic.otf */,
				AAC48E8828622D4D00B336B2 /* SF-Pro-Display-LightItalic.otf */,
				AAC48E8928622D4D00B336B2 /* SF-Pro-Display-BlackItalic.otf */,
				AAC48E8A28622D4D00B336B2 /* SF-Pro-Display-Black.otf */,
				AAC48E8B28622D4D00B336B2 /* SF-Pro-Display-ThinItalic.otf */,
				AAC48E8C28622D4D00B336B2 /* SF-Pro-Display-BoldItalic.otf */,
			);
			path = "SF Pro Display";
			sourceTree = "<group>";
		};
		AACCF3782881DE8A004E19A2 /* Infrastructure */ = {
			isa = PBXGroup;
			children = (
				AADFD3BB286D9B1F00885B68 /* Network */,
			);
			path = Infrastructure;
			sourceTree = "<group>";
		};
		AACCF38028828297004E19A2 /* Domain */ = {
			isa = PBXGroup;
			children = (
				AA2AB20F2883D03100526F34 /* Models */,
				AACCF38328828735004E19A2 /* Repositories */,
				AACCF38428828745004E19A2 /* Usacases */,
			);
			path = Domain;
			sourceTree = "<group>";
		};
		AACCF3822882861B004E19A2 /* Presentation */ = {
			isa = PBXGroup;
			children = (
				AAE11E5E2875B8B4004F346C /* Routers */,
				AA3EB649286211F10004FDB1 /* SplashScreen */,
				AA5BA91E2862FEF800A2977B /* Authentication */,
				4A3E41AD2885600E00DB0713 /* MainStorageManager */,
			);
			path = Presentation;
			sourceTree = "<group>";
		};
		AACCF38328828735004E19A2 /* Repositories */ = {
			isa = PBXGroup;
			children = (
				AA2AB2022882EEC800526F34 /* UserDefaults */,
				AACCF38628828DC4004E19A2 /* Authentication */,
				AAFE80EE2891064300506034 /* StorageManager */,
			);
			path = Repositories;
			sourceTree = "<group>";
		};
		AACCF38428828745004E19A2 /* Usacases */ = {
			isa = PBXGroup;
			children = (
				AA2AB20C288318EF00526F34 /* Authentication */,
				AA2AB2012882EC5E00526F34 /* RefreshToken */,
				AAFE80F82891127E00506034 /* StorageManager */,
			);
			path = Usacases;
			sourceTree = "<group>";
		};
		AACCF38528828755004E19A2 /* Repositories */ = {
			isa = PBXGroup;
			children = (
				AA2AB2032882F03E00526F34 /* UserDefaults */,
				AA2AB1E9288290F800526F34 /* Authentication */,
				AAFE80E52890EF7800506034 /* StorageManager */,
			);
			path = Repositories;
			sourceTree = "<group>";
		};
		AACCF38628828DC4004E19A2 /* Authentication */ = {
			isa = PBXGroup;
			children = (
				AA2AB1E328828EB700526F34 /* UserSessionRepository.swift */,
			);
			path = Authentication;
			sourceTree = "<group>";
		};
		AADFD3BA286D9AF800885B68 /* Data */ = {
			isa = PBXGroup;
			children = (
				AADFD3C4286DA7AF00885B68 /* Common */,
				AACCF38528828755004E19A2 /* Repositories */,
			);
			path = Data;
			sourceTree = "<group>";
		};
		AADFD3BB286D9B1F00885B68 /* Network */ = {
			isa = PBXGroup;
			children = (
				AADFD3BC286D9B4C00885B68 /* NetworkLayer.swift */,
				AACCF37E288281E2004E19A2 /* NetworkRequest.swift */,
				AAD94668286F497800C7FCF4 /* OAuth.swift */,
			);
			path = Network;
			sourceTree = "<group>";
		};
		AADFD3BE286DA6F200885B68 /* Requests */ = {
			isa = PBXGroup;
			children = (
				AADFD3BF286DA71100885B68 /* LoginService.swift */,
				AAD94666286F07E800C7FCF4 /* RefreshTokenService.swift */,
				4A82480A2886F84800B268C7 /* ForgetPasswordProccedureService.swift */,
				AA974BE22870B94C00005553 /* Service1.swift */,
			);
			path = Requests;
			sourceTree = "<group>";
		};
		AADFD3C3286DA77300885B68 /* Entities */ = {
			isa = PBXGroup;
			children = (
				AABCB648288C25F200A7FA3D /* Request */,
				AABCB647288C25E500A7FA3D /* Response */,
			);
			path = Entities;
			sourceTree = "<group>";
		};
		AADFD3C4286DA7AF00885B68 /* Common */ = {
			isa = PBXGroup;
			children = (
				AA2AB1F42882ABF000526F34 /* Entities */,
			);
			path = Common;
			sourceTree = "<group>";
		};
		AAE11E5E2875B8B4004F346C /* Routers */ = {
			isa = PBXGroup;
			children = (
				AAE11E602875B8C2004F346C /* OnboardingRouter.swift */,
				AAEEF7B9288E7D9E009BAF0A /* StorageManagerRouter.swift */,
			);
			path = Routers;
			sourceTree = "<group>";
		};
		AAFE80CA288F172600506034 /* BasedCollectionView */ = {
			isa = PBXGroup;
			children = (
				AAFE80D3288FA6CC00506034 /* Data Source */,
				AAFE80D1288FA6A500506034 /* Cell */,
			);
			path = BasedCollectionView;
			sourceTree = "<group>";
		};
		AAFE80D1288FA6A500506034 /* Cell */ = {
			isa = PBXGroup;
			children = (
				AAFE80CB288F177900506034 /* ReusableCell.swift */,
				AAFE80CD288F18A100506034 /* ConfigurableCell.swift */,
				AAFE80CF288FA62200506034 /* CellViewModel.swift */,
			);
			path = Cell;
			sourceTree = "<group>";
		};
		AAFE80D3288FA6CC00506034 /* Data Source */ = {
			isa = PBXGroup;
			children = (
				AAFE80D6288FA75F00506034 /* ArrayDataProvider.swift */,
				AAFE80D4288FA6F100506034 /* CollectionDataProvider.swift */,
				AAFE80D8288FA95600506034 /* BaseCollectionViewDataSource.swift */,
				AAFE80DB288FCE3400506034 /* CollectionFlowLayoutConstantsProvider.swift */,
			);
			path = "Data Source";
			sourceTree = "<group>";
		};
		AAFE80E52890EF7800506034 /* StorageManager */ = {
			isa = PBXGroup;
			children = (
				AAFE80F1289106F500506034 /* APIStorageManagerRepository.swift */,
				AAFE80E62890EFA700506034 /* Remote */,
			);
			path = StorageManager;
			sourceTree = "<group>";
		};
		AAFE80E62890EFA700506034 /* Remote */ = {
			isa = PBXGroup;
			children = (
				AAFE80EA2890F0A300506034 /* Entities */,
				AAFE80E72890EFD100506034 /* Requests */,
			);
			path = Remote;
			sourceTree = "<group>";
		};
		AAFE80E72890EFD100506034 /* Requests */ = {
			isa = PBXGroup;
			children = (
				AAFE80E82890F01C00506034 /* GSMPartRequestService.swift */,
			);
			path = Requests;
			sourceTree = "<group>";
		};
		AAFE80EA2890F0A300506034 /* Entities */ = {
			isa = PBXGroup;
			children = (
				AAFE80EB2890F0C100506034 /* APIPartRequest.swift */,
			);
			path = Entities;
			sourceTree = "<group>";
		};
		AAFE80ED2890FC0800506034 /* StorageManager */ = {
			isa = PBXGroup;
			children = (
				AAFE80F3289109CD00506034 /* PartRequest.swift */,
			);
			path = StorageManager;
			sourceTree = "<group>";
		};
		AAFE80EE2891064300506034 /* StorageManager */ = {
			isa = PBXGroup;
			children = (
				AAFE80EF2891066100506034 /* StorageManagerRepository.swift */,
			);
			path = StorageManager;
			sourceTree = "<group>";
		};
		AAFE80F528910F8700506034 /* UIKit */ = {
			isa = PBXGroup;
			children = (
				AA5BA91A2862CD7600A2977B /* UIFont.swift */,
				AA3A54082868AA8300FF4E77 /* UIImage.swift */,
				4A06AC642864969200CE6B87 /* UITextField.swift */,
				AA3A540C2868D0B400FF4E77 /* UIButtonConfiguration.swift */,
				AAB16385286989F400C79DB8 /* UINavigationController.swift */,
				AA99A378286AD88D00FB930D /* UIColor.swift */,
				AA5B00A2286B31A300C2A79A /* UIView.swift */,
				4ABDA1E9289144E40039B0DF /* UIViewController.swift */,
			);
			path = UIKit;
			sourceTree = "<group>";
		};
		AAFE80F82891127E00506034 /* StorageManager */ = {
			isa = PBXGroup;
			children = (
				AAFE80F92891446A00506034 /* FetchPartRequestsUseCase.swift */,
			);
			path = StorageManager;
			sourceTree = "<group>";
		};
/* End PBXGroup section */

/* Begin PBXNativeTarget section */
		AA3EB62E286211BD0004FDB1 /* Queue Managment */ = {
			isa = PBXNativeTarget;
			buildConfigurationList = AA3EB646286211BD0004FDB1 /* Build configuration list for PBXNativeTarget "Queue Managment" */;
			buildPhases = (
				1CA459F58D326F3D14AC9771 /* [CP] Check Pods Manifest.lock */,
				AA3EB62B286211BD0004FDB1 /* Sources */,
				AA3EB62C286211BD0004FDB1 /* Frameworks */,
				AA3EB62D286211BD0004FDB1 /* Resources */,
			);
			buildRules = (
			);
			dependencies = (
			);
			name = "Queue Managment";
			productName = "Queue Managment";
			productReference = AA3EB62F286211BD0004FDB1 /* Queue Managment.app */;
			productType = "com.apple.product-type.application";
		};
/* End PBXNativeTarget section */

/* Begin PBXProject section */
		AA3EB627286211BD0004FDB1 /* Project object */ = {
			isa = PBXProject;
			attributes = {
				BuildIndependentTargetsInParallel = 1;
				LastSwiftUpdateCheck = 1320;
				LastUpgradeCheck = 1320;
				TargetAttributes = {
					AA3EB62E286211BD0004FDB1 = {
						CreatedOnToolsVersion = 13.2.1;
					};
				};
			};
			buildConfigurationList = AA3EB62A286211BD0004FDB1 /* Build configuration list for PBXProject "Queue Managment" */;
			compatibilityVersion = "Xcode 13.0";
			developmentRegion = en;
			hasScannedForEncodings = 0;
			knownRegions = (
				en,
				Base,
			);
			mainGroup = AA3EB626286211BD0004FDB1;
			productRefGroup = AA3EB630286211BD0004FDB1 /* Products */;
			projectDirPath = "";
			projectRoot = "";
			targets = (
				AA3EB62E286211BD0004FDB1 /* Queue Managment */,
			);
		};
/* End PBXProject section */

/* Begin PBXResourcesBuildPhase section */
		AA3EB62D286211BD0004FDB1 /* Resources */ = {
			isa = PBXResourcesBuildPhase;
			buildActionMask = 2147483647;
			files = (
				AAC48E8E28622D4D00B336B2 /* SF-Pro-Display-SemiboldItalic.otf in Resources */,
				AAC48E9B28622D4D00B336B2 /* SF-Pro-Display-BlackItalic.otf in Resources */,
				4A3E41AF2885603D00DB0713 /* History.storyboard in Resources */,
				AAC48E9428622D4D00B336B2 /* SF-Pro-Display-Heavy.otf in Resources */,
				AAC48E9728622D4D00B336B2 /* SF-Pro-Display-HeavyItalic.otf in Resources */,
				AA3EB64D286214AA0004FDB1 /* SplashScreen.storyboard in Resources */,
				AA3EB63F286211BD0004FDB1 /* Assets.xcassets in Resources */,
				AAC48E9628622D4D00B336B2 /* SF-Pro-Display-MediumItalic.otf in Resources */,
				AAC48E8F28622D4D00B336B2 /* SF-Pro-Display-RegularItalic.otf in Resources */,
				4A3E41B5288561FD00DB0713 /* StorageManagerMainTabBar.storyboard in Resources */,
				AAC48E9028622D4D00B336B2 /* SF-Pro-Display-Light.otf in Resources */,
				AA2AB2242883D85D00526F34 /* LoaderView.xib in Resources */,
				AAC48E9128622D4D00B336B2 /* SF-Pro-Display-Regular.otf in Resources */,
				AAC48E9E28622D4D00B336B2 /* SF-Pro-Display-BoldItalic.otf in Resources */,
				AAC48E9928622D4D00B336B2 /* SF-Pro-Display-UltralightItalic.otf in Resources */,
				4A3E41B12885604A00DB0713 /* Storage.storyboard in Resources */,
				AA3A08ED288A5D16007B1386 /* RequestSegmentView.xib in Resources */,
				AA436704288A71B7003B2512 /* ProfileCell.xib in Resources */,
				AAC48E9C28622D4D00B336B2 /* SF-Pro-Display-Black.otf in Resources */,
				AAC48E9A28622D4D00B336B2 /* SF-Pro-Display-LightItalic.otf in Resources */,
				4A3E41B32885605700DB0713 /* Profile.storyboard in Resources */,
				AAC48E9828622D4D00B336B2 /* SF-Pro-Display-Ultralight.otf in Resources */,
				AA5BA9202862FF1800A2977B /* Authentication.storyboard in Resources */,
				AAC48E9328622D4D00B336B2 /* SF-Pro-Display-Medium.otf in Resources */,
				AAC48E9228622D4D00B336B2 /* SF-Pro-Display-Bold.otf in Resources */,
				AAC48E9528622D4D00B336B2 /* SF-Pro-Display-Semibold.otf in Resources */,
				AAC48E8D28622D4D00B336B2 /* SF-Pro-Display-Thin.otf in Resources */,
				AAC48E9D28622D4D00B336B2 /* SF-Pro-Display-ThinItalic.otf in Resources */,
			);
			runOnlyForDeploymentPostprocessing = 0;
		};
/* End PBXResourcesBuildPhase section */

/* Begin PBXShellScriptBuildPhase section */
		1CA459F58D326F3D14AC9771 /* [CP] Check Pods Manifest.lock */ = {
			isa = PBXShellScriptBuildPhase;
			buildActionMask = 2147483647;
			files = (
			);
			inputFileListPaths = (
			);
			inputPaths = (
				"${PODS_PODFILE_DIR_PATH}/Podfile.lock",
				"${PODS_ROOT}/Manifest.lock",
			);
			name = "[CP] Check Pods Manifest.lock";
			outputFileListPaths = (
			);
			outputPaths = (
				"$(DERIVED_FILE_DIR)/Pods-Queue Managment-checkManifestLockResult.txt",
			);
			runOnlyForDeploymentPostprocessing = 0;
			shellPath = /bin/sh;
			shellScript = "diff \"${PODS_PODFILE_DIR_PATH}/Podfile.lock\" \"${PODS_ROOT}/Manifest.lock\" > /dev/null\nif [ $? != 0 ] ; then\n    # print error to STDERR\n    echo \"error: The sandbox is not in sync with the Podfile.lock. Run 'pod install' or update your CocoaPods installation.\" >&2\n    exit 1\nfi\n# This output is used by Xcode 'outputs' to avoid re-running this script phase.\necho \"SUCCESS\" > \"${SCRIPT_OUTPUT_FILE_0}\"\n";
			showEnvVarsInLog = 0;
		};
/* End PBXShellScriptBuildPhase section */

/* Begin PBXSourcesBuildPhase section */
		AA3EB62B286211BD0004FDB1 /* Sources */ = {
			isa = PBXSourcesBuildPhase;
			buildActionMask = 2147483647;
			files = (
				4A8248092886E5C500B268C7 /* ForgetPasswordCredentials.swift in Sources */,
				AA3EB63D286211BD0004FDB1 /* Queue_Managment.xcdatamodeld in Sources */,
				AADFD3C6286DA7BD00885B68 /* APIServerError.swift in Sources */,
				4A3E41B728856EE900DB0713 /* StorageManagerMainTabBar.swift in Sources */,
				AA3A540F2868DE4600FF4E77 /* CheckEmailController.swift in Sources */,
				AAD94669286F497800C7FCF4 /* OAuth.swift in Sources */,
				AAFE80DC288FCE3400506034 /* CollectionFlowLayoutConstantsProvider.swift in Sources */,
				AA2AB2052882F07900526F34 /* StandardUserDefaults.swift in Sources */,
				AAFE80F728910F9900506034 /* String.swift in Sources */,
				AA2AB1E82882907D00526F34 /* QueueUserSessionRepository.swift in Sources */,
				AA436703288A71B7003B2512 /* ProfileCell.swift in Sources */,
				AAFE80FA2891446A00506034 /* FetchPartRequestsUseCase.swift in Sources */,
				4A59320828687FDD00DA9193 /* StoryboardsID.swift in Sources */,
				AA2AB1FC2882EBDE00526F34 /* SplashScreenViewModel.swift in Sources */,
				4A23DAF0288471A2006D5ED0 /* CheckEmailViewModel.swift in Sources */,
				AAFE80CE288F18A100506034 /* ConfigurableCell.swift in Sources */,
				AAFE80DE288FF64900506034 /* ProfileViewModel.swift in Sources */,
				AA2AB2292884080400526F34 /* LoginViewModel.swift in Sources */,
				AAD94665286EEDD900C7FCF4 /* Color.swift in Sources */,
				4A06AC6E2867515500CE6B87 /* PaddingTextField.swift in Sources */,
				AAFE80E0288FF67200506034 /* ProfileCellViewModel.swift in Sources */,
				AAFE80F02891066100506034 /* StorageManagerRepository.swift in Sources */,
				4AD7126728894651001A3D0B /* StorageViewController.swift in Sources */,
				AA974BE32870B94C00005553 /* Service1.swift in Sources */,
				4A59320628687EC100DA9193 /* ControllerID.swift in Sources */,
				AADFD3B9286D8A9E00885B68 /* EmailActionSheetController.swift in Sources */,
				4A5932042868732800DA9193 /* ResetPasswordController.swift in Sources */,
				AA974BE12870B67000005553 /* LoggedInSuccessfully.swift in Sources */,
				AA974BE52870B97300005553 /* Service1Response.swift in Sources */,
				4A06AC6928674B1700CE6B87 /* Image.swift in Sources */,
				AA99A379286AD88D00FB930D /* UIColor.swift in Sources */,
				AAFE80F2289106F500506034 /* APIStorageManagerRepository.swift in Sources */,
				AA1FF5942888009A007E1BF2 /* ForgetPasswordProccedureUsacase.swift in Sources */,
				4A23DAF2288472DC006D5ED0 /* ResetPasswordCodeViewModel.swift in Sources */,
				AAFE80E92890F01C00506034 /* GSMPartRequestService.swift in Sources */,
				AADFD3BD286D9B4C00885B68 /* NetworkLayer.swift in Sources */,
				AA2AB2222883D84000526F34 /* LoaderView.swift in Sources */,
				AAFE80E42890EDCE00506034 /* APIPageInfo.swift in Sources */,
				AAFE80F4289109CD00506034 /* PartRequest.swift in Sources */,
				AA2AB20A2882FA6900526F34 /* ServerError.swift in Sources */,
				AA2AB21D2883D65800526F34 /* BasedComponentView.swift in Sources */,
				AAA554A028896C1800283925 /* AuthenticationError.swift in Sources */,
				AA2AB1F3288294DC00526F34 /* AuthRemoteAPI.swift in Sources */,
				AADE246C2869FF6400C54A8C /* NewPasswordController.swift in Sources */,
				AA3A54092868AA8300FF4E77 /* UIImage.swift in Sources */,
				AAFE80E22890EC6800506034 /* PageInfo.swift in Sources */,
				AA2AB2002882EC5A00526F34 /* RestoreTokenUsecase.swift in Sources */,
				AADE246E2869FFE100C54A8C /* PasswordResetSuccessController.swift in Sources */,
				AA2AB20E2883190200526F34 /* LoginUsecase.swift in Sources */,
				AA2AB1FE2882EC1000526F34 /* UserDefaultsRepository.swift in Sources */,
				4AC6ACB8288966A100AFE9AE /* ProfileViewController.swift in Sources */,
				AAFE80EC2890F0C100506034 /* APIPartRequest.swift in Sources */,
				AAAA8E65286BFAE9003D4429 /* QueueButtonOne.swift in Sources */,
				AACCF37D2881EA58004E19A2 /* Codable.swift in Sources */,
				AA2AB1E428828EB700526F34 /* UserSessionRepository.swift in Sources */,
				AAE11E612875B8C2004F346C /* OnboardingRouter.swift in Sources */,
				AA5BA9222862FF3800A2977B /* LoginController.swift in Sources */,
				AA1FF5912887D3A7007E1BF2 /* RotatableView.swift in Sources */,
				AA3A540D2868D0B400FF4E77 /* UIButtonConfiguration.swift in Sources */,
				AA5BA91B2862CD7600A2977B /* UIFont.swift in Sources */,
				AAFE80D5288FA6F100506034 /* CollectionDataProvider.swift in Sources */,
				AADE246A2869F56000C54A8C /* ResetPasswordCodeController.swift in Sources */,
				4A82480B2886F84800B268C7 /* ForgetPasswordProccedureService.swift in Sources */,
				AA2AB22F2884262F00526F34 /* UITextField+Publisher.swift in Sources */,
				AA3EB637286211BD0004FDB1 /* SplashScreenController.swift in Sources */,
				AAFE80CC288F177900506034 /* ReusableCell.swift in Sources */,
				AADFD3C0286DA71100885B68 /* LoginService.swift in Sources */,
				4AA2BAD12885EEEA007143BB /* HistoryViewController.swift in Sources */,
				AAFE80D0288FA62200506034 /* CellViewModel.swift in Sources */,
				4A23DAEE28846F49006D5ED0 /* ResetPasswordViewModel.swift in Sources */,
				AA2AB1F62882AC2600526F34 /* APIToken.swift in Sources */,
				AADFD3C9286DAB1A00885B68 /* Token.swift in Sources */,
				AA2AB1EE2882922600526F34 /* UserSessionDataStore.swift in Sources */,
				AA3A08EB288A5D04007B1386 /* RequestSegmentView.swift in Sources */,
				AA5B00A3286B31A300C2A79A /* UIView.swift in Sources */,
				4ABDA1EA289144E40039B0DF /* UIViewController.swift in Sources */,
				AA3EB633286211BD0004FDB1 /* AppDelegate.swift in Sources */,
				AA56E8182889889D0088958E /* ForgetPasswordProccedureViewModel.swift in Sources */,
				4A06AC652864969200CE6B87 /* UITextField.swift in Sources */,
				AACCF37F288281E2004E19A2 /* NetworkRequest.swift in Sources */,
				AA2AB1F82882C79C00526F34 /* App+Injection.swift in Sources */,
				AA5B00A1286B1F8300C2A79A /* BackgroundFadeButtonLoweringAnimator.swift in Sources */,
				AAD94667286F07E800C7FCF4 /* RefreshTokenService.swift in Sources */,
				AAB16386286989F400C79DB8 /* UINavigationController.swift in Sources */,
				AA3EB635286211BD0004FDB1 /* SceneDelegate.swift in Sources */,
				4A23DAF628847418006D5ED0 /* PasswordResetSuccessVIewModel.swift in Sources */,
				4A23DAF428847369006D5ED0 /* NewPasswordViewModel.swift in Sources */,
				AAFE80D9288FA95600506034 /* BaseCollectionViewDataSource.swift in Sources */,
				AAEEF7BA288E7D9E009BAF0A /* StorageManagerRouter.swift in Sources */,
				AAFE80D7288FA75F00506034 /* ArrayDataProvider.swift in Sources */,
				4A06AC6C28674CB500CE6B87 /* CheckboxButton.swift in Sources */,
			);
			runOnlyForDeploymentPostprocessing = 0;
		};
/* End PBXSourcesBuildPhase section */

/* Begin XCBuildConfiguration section */
		AA3EB644286211BD0004FDB1 /* Debug */ = {
			isa = XCBuildConfiguration;
			buildSettings = {
				ALWAYS_SEARCH_USER_PATHS = NO;
				CLANG_ANALYZER_NONNULL = YES;
				CLANG_ANALYZER_NUMBER_OBJECT_CONVERSION = YES_AGGRESSIVE;
				CLANG_CXX_LANGUAGE_STANDARD = "gnu++17";
				CLANG_CXX_LIBRARY = "libc++";
				CLANG_ENABLE_MODULES = YES;
				CLANG_ENABLE_OBJC_ARC = YES;
				CLANG_ENABLE_OBJC_WEAK = YES;
				CLANG_WARN_BLOCK_CAPTURE_AUTORELEASING = YES;
				CLANG_WARN_BOOL_CONVERSION = YES;
				CLANG_WARN_COMMA = YES;
				CLANG_WARN_CONSTANT_CONVERSION = YES;
				CLANG_WARN_DEPRECATED_OBJC_IMPLEMENTATIONS = YES;
				CLANG_WARN_DIRECT_OBJC_ISA_USAGE = YES_ERROR;
				CLANG_WARN_DOCUMENTATION_COMMENTS = YES;
				CLANG_WARN_EMPTY_BODY = YES;
				CLANG_WARN_ENUM_CONVERSION = YES;
				CLANG_WARN_INFINITE_RECURSION = YES;
				CLANG_WARN_INT_CONVERSION = YES;
				CLANG_WARN_NON_LITERAL_NULL_CONVERSION = YES;
				CLANG_WARN_OBJC_IMPLICIT_RETAIN_SELF = YES;
				CLANG_WARN_OBJC_LITERAL_CONVERSION = YES;
				CLANG_WARN_OBJC_ROOT_CLASS = YES_ERROR;
				CLANG_WARN_QUOTED_INCLUDE_IN_FRAMEWORK_HEADER = YES;
				CLANG_WARN_RANGE_LOOP_ANALYSIS = YES;
				CLANG_WARN_STRICT_PROTOTYPES = YES;
				CLANG_WARN_SUSPICIOUS_MOVE = YES;
				CLANG_WARN_UNGUARDED_AVAILABILITY = YES_AGGRESSIVE;
				CLANG_WARN_UNREACHABLE_CODE = YES;
				CLANG_WARN__DUPLICATE_METHOD_MATCH = YES;
				COPY_PHASE_STRIP = NO;
				DEBUG_INFORMATION_FORMAT = dwarf;
				ENABLE_STRICT_OBJC_MSGSEND = YES;
				ENABLE_TESTABILITY = YES;
				GCC_C_LANGUAGE_STANDARD = gnu11;
				GCC_DYNAMIC_NO_PIC = NO;
				GCC_NO_COMMON_BLOCKS = YES;
				GCC_OPTIMIZATION_LEVEL = 0;
				GCC_PREPROCESSOR_DEFINITIONS = (
					"DEBUG=1",
					"$(inherited)",
				);
				GCC_WARN_64_TO_32_BIT_CONVERSION = YES;
				GCC_WARN_ABOUT_RETURN_TYPE = YES_ERROR;
				GCC_WARN_UNDECLARED_SELECTOR = YES;
				GCC_WARN_UNINITIALIZED_AUTOS = YES_AGGRESSIVE;
				GCC_WARN_UNUSED_FUNCTION = YES;
				GCC_WARN_UNUSED_VARIABLE = YES;
				IPHONEOS_DEPLOYMENT_TARGET = 15.2;
				MTL_ENABLE_DEBUG_INFO = INCLUDE_SOURCE;
				MTL_FAST_MATH = YES;
				ONLY_ACTIVE_ARCH = YES;
				SDKROOT = iphoneos;
				SWIFT_ACTIVE_COMPILATION_CONDITIONS = DEBUG;
				SWIFT_OPTIMIZATION_LEVEL = "-Onone";
			};
			name = Debug;
		};
		AA3EB645286211BD0004FDB1 /* Release */ = {
			isa = XCBuildConfiguration;
			buildSettings = {
				ALWAYS_SEARCH_USER_PATHS = NO;
				CLANG_ANALYZER_NONNULL = YES;
				CLANG_ANALYZER_NUMBER_OBJECT_CONVERSION = YES_AGGRESSIVE;
				CLANG_CXX_LANGUAGE_STANDARD = "gnu++17";
				CLANG_CXX_LIBRARY = "libc++";
				CLANG_ENABLE_MODULES = YES;
				CLANG_ENABLE_OBJC_ARC = YES;
				CLANG_ENABLE_OBJC_WEAK = YES;
				CLANG_WARN_BLOCK_CAPTURE_AUTORELEASING = YES;
				CLANG_WARN_BOOL_CONVERSION = YES;
				CLANG_WARN_COMMA = YES;
				CLANG_WARN_CONSTANT_CONVERSION = YES;
				CLANG_WARN_DEPRECATED_OBJC_IMPLEMENTATIONS = YES;
				CLANG_WARN_DIRECT_OBJC_ISA_USAGE = YES_ERROR;
				CLANG_WARN_DOCUMENTATION_COMMENTS = YES;
				CLANG_WARN_EMPTY_BODY = YES;
				CLANG_WARN_ENUM_CONVERSION = YES;
				CLANG_WARN_INFINITE_RECURSION = YES;
				CLANG_WARN_INT_CONVERSION = YES;
				CLANG_WARN_NON_LITERAL_NULL_CONVERSION = YES;
				CLANG_WARN_OBJC_IMPLICIT_RETAIN_SELF = YES;
				CLANG_WARN_OBJC_LITERAL_CONVERSION = YES;
				CLANG_WARN_OBJC_ROOT_CLASS = YES_ERROR;
				CLANG_WARN_QUOTED_INCLUDE_IN_FRAMEWORK_HEADER = YES;
				CLANG_WARN_RANGE_LOOP_ANALYSIS = YES;
				CLANG_WARN_STRICT_PROTOTYPES = YES;
				CLANG_WARN_SUSPICIOUS_MOVE = YES;
				CLANG_WARN_UNGUARDED_AVAILABILITY = YES_AGGRESSIVE;
				CLANG_WARN_UNREACHABLE_CODE = YES;
				CLANG_WARN__DUPLICATE_METHOD_MATCH = YES;
				COPY_PHASE_STRIP = NO;
				DEBUG_INFORMATION_FORMAT = "dwarf-with-dsym";
				ENABLE_NS_ASSERTIONS = NO;
				ENABLE_STRICT_OBJC_MSGSEND = YES;
				GCC_C_LANGUAGE_STANDARD = gnu11;
				GCC_NO_COMMON_BLOCKS = YES;
				GCC_WARN_64_TO_32_BIT_CONVERSION = YES;
				GCC_WARN_ABOUT_RETURN_TYPE = YES_ERROR;
				GCC_WARN_UNDECLARED_SELECTOR = YES;
				GCC_WARN_UNINITIALIZED_AUTOS = YES_AGGRESSIVE;
				GCC_WARN_UNUSED_FUNCTION = YES;
				GCC_WARN_UNUSED_VARIABLE = YES;
				IPHONEOS_DEPLOYMENT_TARGET = 15.2;
				MTL_ENABLE_DEBUG_INFO = NO;
				MTL_FAST_MATH = YES;
				SDKROOT = iphoneos;
				SWIFT_COMPILATION_MODE = wholemodule;
				SWIFT_OPTIMIZATION_LEVEL = "-O";
				VALIDATE_PRODUCT = YES;
			};
			name = Release;
		};
		AA3EB647286211BD0004FDB1 /* Debug */ = {
			isa = XCBuildConfiguration;
			baseConfigurationReference = 276E44CB16AB7508D319E10E /* Pods-Queue Managment.debug.xcconfig */;
			buildSettings = {
				ASSETCATALOG_COMPILER_APPICON_NAME = AppIcon;
				ASSETCATALOG_COMPILER_GLOBAL_ACCENT_COLOR_NAME = AccentColor;
				CODE_SIGN_STYLE = Automatic;
				CURRENT_PROJECT_VERSION = 5;
				DEVELOPMENT_TEAM = TAT2LGGYX9;
				GENERATE_INFOPLIST_FILE = YES;
				INFOPLIST_FILE = "Queue Managment/Info.plist";
				INFOPLIST_KEY_UIApplicationSupportsIndirectInputEvents = YES;
				INFOPLIST_KEY_UILaunchStoryboardName = SplashScreen;
				INFOPLIST_KEY_UIMainStoryboardFile = SplashScreen;
				INFOPLIST_KEY_UISupportedInterfaceOrientations_iPad = "UIInterfaceOrientationPortrait UIInterfaceOrientationPortraitUpsideDown UIInterfaceOrientationLandscapeLeft UIInterfaceOrientationLandscapeRight";
				INFOPLIST_KEY_UISupportedInterfaceOrientations_iPhone = "UIInterfaceOrientationPortrait UIInterfaceOrientationLandscapeLeft UIInterfaceOrientationLandscapeRight";
				IPHONEOS_DEPLOYMENT_TARGET = 14.0;
				LD_RUNPATH_SEARCH_PATHS = (
					"$(inherited)",
					"@executable_path/Frameworks",
				);
				MARKETING_VERSION = 0.1.0;
				PRODUCT_BUNDLE_IDENTIFIER = com.sweeft.queueManagement;
				PRODUCT_NAME = "$(TARGET_NAME)";
				SWIFT_EMIT_LOC_STRINGS = YES;
				SWIFT_VERSION = 5.0;
				TARGETED_DEVICE_FAMILY = "1,2";
			};
			name = Debug;
		};
		AA3EB648286211BD0004FDB1 /* Release */ = {
			isa = XCBuildConfiguration;
			baseConfigurationReference = 1CE4E2A8F4AA6721814ED3A3 /* Pods-Queue Managment.release.xcconfig */;
			buildSettings = {
				ASSETCATALOG_COMPILER_APPICON_NAME = AppIcon;
				ASSETCATALOG_COMPILER_GLOBAL_ACCENT_COLOR_NAME = AccentColor;
				CODE_SIGN_STYLE = Automatic;
				CURRENT_PROJECT_VERSION = 5;
				DEVELOPMENT_TEAM = TAT2LGGYX9;
				GENERATE_INFOPLIST_FILE = YES;
				INFOPLIST_FILE = "Queue Managment/Info.plist";
				INFOPLIST_KEY_UIApplicationSupportsIndirectInputEvents = YES;
				INFOPLIST_KEY_UILaunchStoryboardName = SplashScreen;
				INFOPLIST_KEY_UIMainStoryboardFile = SplashScreen;
				INFOPLIST_KEY_UISupportedInterfaceOrientations_iPad = "UIInterfaceOrientationPortrait UIInterfaceOrientationPortraitUpsideDown UIInterfaceOrientationLandscapeLeft UIInterfaceOrientationLandscapeRight";
				INFOPLIST_KEY_UISupportedInterfaceOrientations_iPhone = "UIInterfaceOrientationPortrait UIInterfaceOrientationLandscapeLeft UIInterfaceOrientationLandscapeRight";
				IPHONEOS_DEPLOYMENT_TARGET = 14.0;
				LD_RUNPATH_SEARCH_PATHS = (
					"$(inherited)",
					"@executable_path/Frameworks",
				);
				MARKETING_VERSION = 0.1.0;
				PRODUCT_BUNDLE_IDENTIFIER = com.sweeft.queueManagement;
				PRODUCT_NAME = "$(TARGET_NAME)";
				SWIFT_EMIT_LOC_STRINGS = YES;
				SWIFT_VERSION = 5.0;
				TARGETED_DEVICE_FAMILY = "1,2";
			};
			name = Release;
		};
/* End XCBuildConfiguration section */

/* Begin XCConfigurationList section */
		AA3EB62A286211BD0004FDB1 /* Build configuration list for PBXProject "Queue Managment" */ = {
			isa = XCConfigurationList;
			buildConfigurations = (
				AA3EB644286211BD0004FDB1 /* Debug */,
				AA3EB645286211BD0004FDB1 /* Release */,
			);
			defaultConfigurationIsVisible = 0;
			defaultConfigurationName = Release;
		};
		AA3EB646286211BD0004FDB1 /* Build configuration list for PBXNativeTarget "Queue Managment" */ = {
			isa = XCConfigurationList;
			buildConfigurations = (
				AA3EB647286211BD0004FDB1 /* Debug */,
				AA3EB648286211BD0004FDB1 /* Release */,
			);
			defaultConfigurationIsVisible = 0;
			defaultConfigurationName = Release;
		};
/* End XCConfigurationList section */

/* Begin XCVersionGroup section */
		AA3EB63B286211BD0004FDB1 /* Queue_Managment.xcdatamodeld */ = {
			isa = XCVersionGroup;
			children = (
				AA3EB63C286211BD0004FDB1 /* Queue_Managment.xcdatamodel */,
			);
			currentVersion = AA3EB63C286211BD0004FDB1 /* Queue_Managment.xcdatamodel */;
			path = Queue_Managment.xcdatamodeld;
			sourceTree = "<group>";
			versionGroupType = wrapper.xcdatamodel;
		};
/* End XCVersionGroup section */
	};
	rootObject = AA3EB627286211BD0004FDB1 /* Project object */;
}
